// !$*UTF8*$!
{
	archiveVersion = 1;
	classes = {
	};
	objectVersion = 50;
	objects = {

/* Begin PBXBuildFile section */
		768BED2A20A548BF00050986 /* Main.storyboard in Resources */ = {isa = PBXBuildFile; fileRef = 768BED2820A548BF00050986 /* Main.storyboard */; };
		768BED2C20A548C000050986 /* Assets.xcassets in Resources */ = {isa = PBXBuildFile; fileRef = 768BED2B20A548C000050986 /* Assets.xcassets */; };
		768BED2F20A548C000050986 /* LaunchScreen.storyboard in Resources */ = {isa = PBXBuildFile; fileRef = 768BED2D20A548C000050986 /* LaunchScreen.storyboard */; };
		768BED3E20A5490100050986 /* ViewController.m in Sources */ = {isa = PBXBuildFile; fileRef = 768BED3A20A5490100050986 /* ViewController.m */; };
		768BED3F20A5490100050986 /* main.m in Sources */ = {isa = PBXBuildFile; fileRef = 768BED3B20A5490100050986 /* main.m */; };
		768BED4020A5490100050986 /* AppDelegate.m in Sources */ = {isa = PBXBuildFile; fileRef = 768BED3C20A5490100050986 /* AppDelegate.m */; };
		768BED6A20A5497E00050986 /* SDWebImageCompat.m in Sources */ = {isa = PBXBuildFile; fileRef = 768BED4320A5497E00050986 /* SDWebImageCompat.m */; };
		768BED6B20A5497E00050986 /* Info.plist in Resources */ = {isa = PBXBuildFile; fileRef = 768BED4620A5497E00050986 /* Info.plist */; };
		768BED6C20A5497E00050986 /* SDImageCache.m in Sources */ = {isa = PBXBuildFile; fileRef = 768BED4A20A5497E00050986 /* SDImageCache.m */; };
		768BED6D20A5497E00050986 /* SDWebImageDownloader.m in Sources */ = {isa = PBXBuildFile; fileRef = 768BED4D20A5497E00050986 /* SDWebImageDownloader.m */; };
		768BED6E20A5497E00050986 /* SDWebImageDownloaderOperation.m in Sources */ = {isa = PBXBuildFile; fileRef = 768BED4E20A5497E00050986 /* SDWebImageDownloaderOperation.m */; };
		768BED6F20A5497E00050986 /* SDWebImageManager.m in Sources */ = {isa = PBXBuildFile; fileRef = 768BED5120A5497E00050986 /* SDWebImageManager.m */; };
		768BED7020A5497E00050986 /* SDWebImageDecoder.m in Sources */ = {isa = PBXBuildFile; fileRef = 768BED5220A5497E00050986 /* SDWebImageDecoder.m */; };
		768BED7120A5497E00050986 /* SDWebImagePrefetcher.m in Sources */ = {isa = PBXBuildFile; fileRef = 768BED5320A5497E00050986 /* SDWebImagePrefetcher.m */; };
		768BED7220A5497E00050986 /* UIImage+WebP.m in Sources */ = {isa = PBXBuildFile; fileRef = 768BED5820A5497E00050986 /* UIImage+WebP.m */; };
		768BED7320A5497E00050986 /* MKAnnotationView+WebCache.m in Sources */ = {isa = PBXBuildFile; fileRef = 768BED5920A5497E00050986 /* MKAnnotationView+WebCache.m */; };
		768BED7420A5497E00050986 /* UIImageView+HighlightedWebCache.m in Sources */ = {isa = PBXBuildFile; fileRef = 768BED5C20A5497E00050986 /* UIImageView+HighlightedWebCache.m */; };
		768BED7520A5497E00050986 /* UIImage+GIF.m in Sources */ = {isa = PBXBuildFile; fileRef = 768BED5D20A5497E00050986 /* UIImage+GIF.m */; };
		768BED7620A5497E00050986 /* UIImage+MultiFormat.m in Sources */ = {isa = PBXBuildFile; fileRef = 768BED5F20A5497E00050986 /* UIImage+MultiFormat.m */; };
		768BED7720A5497E00050986 /* NSData+ImageContentType.m in Sources */ = {isa = PBXBuildFile; fileRef = 768BED6420A5497E00050986 /* NSData+ImageContentType.m */; };
		768BED7820A5497E00050986 /* UIImageView+WebCache.m in Sources */ = {isa = PBXBuildFile; fileRef = 768BED6520A5497E00050986 /* UIImageView+WebCache.m */; };
		768BED7920A5497E00050986 /* UIView+WebCacheOperation.m in Sources */ = {isa = PBXBuildFile; fileRef = 768BED6620A5497E00050986 /* UIView+WebCacheOperation.m */; };
		768BED7A20A5497E00050986 /* UIButton+WebCache.m in Sources */ = {isa = PBXBuildFile; fileRef = 768BED6820A5497E00050986 /* UIButton+WebCache.m */; };
/* End PBXBuildFile section */

/* Begin PBXFileReference section */
		768BED1F20A548BF00050986 /* CoderLN：SDWebImage-3.7.5.app */ = {isa = PBXFileReference; explicitFileType = wrapper.application; includeInIndex = 0; path = "CoderLN：SDWebImage-3.7.5.app"; sourceTree = BUILT_PRODUCTS_DIR; };
		768BED2920A548BF00050986 /* Base */ = {isa = PBXFileReference; lastKnownFileType = file.storyboard; name = Base; path = Base.lproj/Main.storyboard; sourceTree = "<group>"; };
		768BED2B20A548C000050986 /* Assets.xcassets */ = {isa = PBXFileReference; lastKnownFileType = folder.assetcatalog; path = Assets.xcassets; sourceTree = "<group>"; };
		768BED2E20A548C000050986 /* Base */ = {isa = PBXFileReference; lastKnownFileType = file.storyboard; name = Base; path = Base.lproj/LaunchScreen.storyboard; sourceTree = "<group>"; };
		768BED3020A548C000050986 /* Info.plist */ = {isa = PBXFileReference; lastKnownFileType = text.plist.xml; path = Info.plist; sourceTree = "<group>"; };
		768BED3920A5490100050986 /* AppDelegate.h */ = {isa = PBXFileReference; fileEncoding = 4; lastKnownFileType = sourcecode.c.h; path = AppDelegate.h; sourceTree = "<group>"; };
		768BED3A20A5490100050986 /* ViewController.m */ = {isa = PBXFileReference; fileEncoding = 4; lastKnownFileType = sourcecode.c.objc; path = ViewController.m; sourceTree = "<group>"; };
		768BED3B20A5490100050986 /* main.m */ = {isa = PBXFileReference; fileEncoding = 4; lastKnownFileType = sourcecode.c.objc; path = main.m; sourceTree = "<group>"; };
		768BED3C20A5490100050986 /* AppDelegate.m */ = {isa = PBXFileReference; fileEncoding = 4; lastKnownFileType = sourcecode.c.objc; path = AppDelegate.m; sourceTree = "<group>"; };
		768BED3D20A5490100050986 /* ViewController.h */ = {isa = PBXFileReference; fileEncoding = 4; lastKnownFileType = sourcecode.c.h; path = ViewController.h; sourceTree = "<group>"; };
		768BED4320A5497E00050986 /* SDWebImageCompat.m */ = {isa = PBXFileReference; fileEncoding = 4; lastKnownFileType = sourcecode.c.objc; path = SDWebImageCompat.m; sourceTree = "<group>"; };
		768BED4420A5497E00050986 /* WebImage.h */ = {isa = PBXFileReference; fileEncoding = 4; lastKnownFileType = sourcecode.c.h; path = WebImage.h; sourceTree = "<group>"; };
		768BED4520A5497E00050986 /* SDWebImageOperation.h */ = {isa = PBXFileReference; fileEncoding = 4; lastKnownFileType = sourcecode.c.h; path = SDWebImageOperation.h; sourceTree = "<group>"; };
		768BED4620A5497E00050986 /* Info.plist */ = {isa = PBXFileReference; fileEncoding = 4; lastKnownFileType = text.plist.xml; path = Info.plist; sourceTree = "<group>"; };
		768BED4720A5497E00050986 /* SDWebImageCompat.h */ = {isa = PBXFileReference; fileEncoding = 4; lastKnownFileType = sourcecode.c.h; path = SDWebImageCompat.h; sourceTree = "<group>"; };
		768BED4920A5497E00050986 /* SDImageCache.h */ = {isa = PBXFileReference; fileEncoding = 4; lastKnownFileType = sourcecode.c.h; path = SDImageCache.h; sourceTree = "<group>"; };
		768BED4A20A5497E00050986 /* SDImageCache.m */ = {isa = PBXFileReference; fileEncoding = 4; lastKnownFileType = sourcecode.c.objc; path = SDImageCache.m; sourceTree = "<group>"; };
		768BED4C20A5497E00050986 /* SDWebImageDownloaderOperation.h */ = {isa = PBXFileReference; fileEncoding = 4; lastKnownFileType = sourcecode.c.h; path = SDWebImageDownloaderOperation.h; sourceTree = "<group>"; };
		768BED4D20A5497E00050986 /* SDWebImageDownloader.m */ = {isa = PBXFileReference; fileEncoding = 4; lastKnownFileType = sourcecode.c.objc; path = SDWebImageDownloader.m; sourceTree = "<group>"; };
		768BED4E20A5497E00050986 /* SDWebImageDownloaderOperation.m */ = {isa = PBXFileReference; fileEncoding = 4; lastKnownFileType = sourcecode.c.objc; path = SDWebImageDownloaderOperation.m; sourceTree = "<group>"; };
		768BED4F20A5497E00050986 /* SDWebImageDownloader.h */ = {isa = PBXFileReference; fileEncoding = 4; lastKnownFileType = sourcecode.c.h; path = SDWebImageDownloader.h; sourceTree = "<group>"; };
		768BED5120A5497E00050986 /* SDWebImageManager.m */ = {isa = PBXFileReference; fileEncoding = 4; lastKnownFileType = sourcecode.c.objc; path = SDWebImageManager.m; sourceTree = "<group>"; };
		768BED5220A5497E00050986 /* SDWebImageDecoder.m */ = {isa = PBXFileReference; fileEncoding = 4; lastKnownFileType = sourcecode.c.objc; path = SDWebImageDecoder.m; sourceTree = "<group>"; };
		768BED5320A5497E00050986 /* SDWebImagePrefetcher.m */ = {isa = PBXFileReference; fileEncoding = 4; lastKnownFileType = sourcecode.c.objc; path = SDWebImagePrefetcher.m; sourceTree = "<group>"; };
		768BED5420A5497E00050986 /* SDWebImageDecoder.h */ = {isa = PBXFileReference; fileEncoding = 4; lastKnownFileType = sourcecode.c.h; path = SDWebImageDecoder.h; sourceTree = "<group>"; };
		768BED5520A5497E00050986 /* SDWebImageManager.h */ = {isa = PBXFileReference; fileEncoding = 4; lastKnownFileType = sourcecode.c.h; path = SDWebImageManager.h; sourceTree = "<group>"; };
		768BED5620A5497E00050986 /* SDWebImagePrefetcher.h */ = {isa = PBXFileReference; fileEncoding = 4; lastKnownFileType = sourcecode.c.h; path = SDWebImagePrefetcher.h; sourceTree = "<group>"; };
		768BED5820A5497E00050986 /* UIImage+WebP.m */ = {isa = PBXFileReference; fileEncoding = 4; lastKnownFileType = sourcecode.c.objc; path = "UIImage+WebP.m"; sourceTree = "<group>"; };
		768BED5920A5497E00050986 /* MKAnnotationView+WebCache.m */ = {isa = PBXFileReference; fileEncoding = 4; lastKnownFileType = sourcecode.c.objc; path = "MKAnnotationView+WebCache.m"; sourceTree = "<group>"; };
		768BED5A20A5497E00050986 /* UIImageView+WebCache.h */ = {isa = PBXFileReference; fileEncoding = 4; lastKnownFileType = sourcecode.c.h; path = "UIImageView+WebCache.h"; sourceTree = "<group>"; };
		768BED5B20A5497E00050986 /* NSData+ImageContentType.h */ = {isa = PBXFileReference; fileEncoding = 4; lastKnownFileType = sourcecode.c.h; path = "NSData+ImageContentType.h"; sourceTree = "<group>"; };
		768BED5C20A5497E00050986 /* UIImageView+HighlightedWebCache.m */ = {isa = PBXFileReference; fileEncoding = 4; lastKnownFileType = sourcecode.c.objc; path = "UIImageView+HighlightedWebCache.m"; sourceTree = "<group>"; };
		768BED5D20A5497E00050986 /* UIImage+GIF.m */ = {isa = PBXFileReference; fileEncoding = 4; lastKnownFileType = sourcecode.c.objc; path = "UIImage+GIF.m"; sourceTree = "<group>"; };
		768BED5E20A5497E00050986 /* UIButton+WebCache.h */ = {isa = PBXFileReference; fileEncoding = 4; lastKnownFileType = sourcecode.c.h; path = "UIButton+WebCache.h"; sourceTree = "<group>"; };
		768BED5F20A5497E00050986 /* UIImage+MultiFormat.m */ = {isa = PBXFileReference; fileEncoding = 4; lastKnownFileType = sourcecode.c.objc; path = "UIImage+MultiFormat.m"; sourceTree = "<group>"; };
		768BED6020A5497E00050986 /* UIView+WebCacheOperation.h */ = {isa = PBXFileReference; fileEncoding = 4; lastKnownFileType = sourcecode.c.h; path = "UIView+WebCacheOperation.h"; sourceTree = "<group>"; };
		768BED6120A5497E00050986 /* MKAnnotationView+WebCache.h */ = {isa = PBXFileReference; fileEncoding = 4; lastKnownFileType = sourcecode.c.h; path = "MKAnnotationView+WebCache.h"; sourceTree = "<group>"; };
		768BED6220A5497E00050986 /* UIImage+WebP.h */ = {isa = PBXFileReference; fileEncoding = 4; lastKnownFileType = sourcecode.c.h; path = "UIImage+WebP.h"; sourceTree = "<group>"; };
		768BED6320A5497E00050986 /* UIImageView+HighlightedWebCache.h */ = {isa = PBXFileReference; fileEncoding = 4; lastKnownFileType = sourcecode.c.h; path = "UIImageView+HighlightedWebCache.h"; sourceTree = "<group>"; };
		768BED6420A5497E00050986 /* NSData+ImageContentType.m */ = {isa = PBXFileReference; fileEncoding = 4; lastKnownFileType = sourcecode.c.objc; path = "NSData+ImageContentType.m"; sourceTree = "<group>"; };
		768BED6520A5497E00050986 /* UIImageView+WebCache.m */ = {isa = PBXFileReference; fileEncoding = 4; lastKnownFileType = sourcecode.c.objc; path = "UIImageView+WebCache.m"; sourceTree = "<group>"; };
		768BED6620A5497E00050986 /* UIView+WebCacheOperation.m */ = {isa = PBXFileReference; fileEncoding = 4; lastKnownFileType = sourcecode.c.objc; path = "UIView+WebCacheOperation.m"; sourceTree = "<group>"; };
		768BED6720A5497E00050986 /* UIImage+MultiFormat.h */ = {isa = PBXFileReference; fileEncoding = 4; lastKnownFileType = sourcecode.c.h; path = "UIImage+MultiFormat.h"; sourceTree = "<group>"; };
		768BED6820A5497E00050986 /* UIButton+WebCache.m */ = {isa = PBXFileReference; fileEncoding = 4; lastKnownFileType = sourcecode.c.objc; path = "UIButton+WebCache.m"; sourceTree = "<group>"; };
		768BED6920A5497E00050986 /* UIImage+GIF.h */ = {isa = PBXFileReference; fileEncoding = 4; lastKnownFileType = sourcecode.c.h; path = "UIImage+GIF.h"; sourceTree = "<group>"; };
/* End PBXFileReference section */

/* Begin PBXFrameworksBuildPhase section */
		768BED1C20A548BF00050986 /* Frameworks */ = {
			isa = PBXFrameworksBuildPhase;
			buildActionMask = 2147483647;
			files = (
			);
			runOnlyForDeploymentPostprocessing = 0;
		};
/* End PBXFrameworksBuildPhase section */

/* Begin PBXGroup section */
		768BED1620A548BF00050986 = {
			isa = PBXGroup;
			children = (
				768BED2120A548BF00050986 /* CoderLN：SDWebImage-3.7.5 */,
				768BED2020A548BF00050986 /* Products */,
			);
			sourceTree = "<group>";
		};
		768BED2020A548BF00050986 /* Products */ = {
			isa = PBXGroup;
			children = (
				768BED1F20A548BF00050986 /* CoderLN：SDWebImage-3.7.5.app */,
			);
			name = Products;
			sourceTree = "<group>";
		};
		768BED2120A548BF00050986 /* CoderLN：SDWebImage-3.7.5 */ = {
			isa = PBXGroup;
			children = (
				768BED4120A5497E00050986 /* CoderLN：SDWebImage-3.7.5 */,
				768BED3820A5490100050986 /* Other */,
				768BED2820A548BF00050986 /* Main.storyboard */,
				768BED2B20A548C000050986 /* Assets.xcassets */,
				768BED2D20A548C000050986 /* LaunchScreen.storyboard */,
				768BED3020A548C000050986 /* Info.plist */,
			);
			path = "CoderLN：SDWebImage-3.7.5";
			sourceTree = "<group>";
		};
		768BED3820A5490100050986 /* Other */ = {
			isa = PBXGroup;
			children = (
				768BED3920A5490100050986 /* AppDelegate.h */,
				768BED3C20A5490100050986 /* AppDelegate.m */,
				768BED3D20A5490100050986 /* ViewController.h */,
				768BED3A20A5490100050986 /* ViewController.m */,
				768BED3B20A5490100050986 /* main.m */,
			);
			path = Other;
			sourceTree = "<group>";
		};
		768BED4120A5497E00050986 /* CoderLN：SDWebImage-3.7.5 */ = {
			isa = PBXGroup;
			children = (
				768BED4220A5497E00050986 /* WebImage */,
				768BED4820A5497E00050986 /* Cache */,
				768BED4B20A5497E00050986 /* Downloader */,
				768BED5020A5497E00050986 /* Utils */,
				768BED5720A5497E00050986 /* Categories */,
			);
			path = "CoderLN：SDWebImage-3.7.5";
			sourceTree = "<group>";
		};
		768BED4220A5497E00050986 /* WebImage */ = {
			isa = PBXGroup;
			children = (
				768BED4420A5497E00050986 /* WebImage.h */,
				768BED4720A5497E00050986 /* SDWebImageCompat.h */,
				768BED4320A5497E00050986 /* SDWebImageCompat.m */,
				768BED4520A5497E00050986 /* SDWebImageOperation.h */,
				768BED4620A5497E00050986 /* Info.plist */,
			);
			path = WebImage;
			sourceTree = "<group>";
		};
		768BED4820A5497E00050986 /* Cache */ = {
			isa = PBXGroup;
			children = (
				768BED4920A5497E00050986 /* SDImageCache.h */,
				768BED4A20A5497E00050986 /* SDImageCache.m */,
			);
			path = Cache;
			sourceTree = "<group>";
		};
		768BED4B20A5497E00050986 /* Downloader */ = {
			isa = PBXGroup;
			children = (
				768BED4F20A5497E00050986 /* SDWebImageDownloader.h */,
				768BED4D20A5497E00050986 /* SDWebImageDownloader.m */,
				768BED4C20A5497E00050986 /* SDWebImageDownloaderOperation.h */,
				768BED4E20A5497E00050986 /* SDWebImageDownloaderOperation.m */,
			);
			path = Downloader;
			sourceTree = "<group>";
		};
		768BED5020A5497E00050986 /* Utils */ = {
			isa = PBXGroup;
			children = (
				768BED5520A5497E00050986 /* SDWebImageManager.h */,
				768BED5120A5497E00050986 /* SDWebImageManager.m */,
				768BED5620A5497E00050986 /* SDWebImagePrefetcher.h */,
				768BED5320A5497E00050986 /* SDWebImagePrefetcher.m */,
				768BED5420A5497E00050986 /* SDWebImageDecoder.h */,
				768BED5220A5497E00050986 /* SDWebImageDecoder.m */,
			);
			path = Utils;
			sourceTree = "<group>";
		};
		768BED5720A5497E00050986 /* Categories */ = {
			isa = PBXGroup;
			children = (
				768BED6120A5497E00050986 /* MKAnnotationView+WebCache.h */,
				768BED5920A5497E00050986 /* MKAnnotationView+WebCache.m */,
				768BED6320A5497E00050986 /* UIImageView+HighlightedWebCache.h */,
				768BED5C20A5497E00050986 /* UIImageView+HighlightedWebCache.m */,
				768BED5A20A5497E00050986 /* UIImageView+WebCache.h */,
				768BED6520A5497E00050986 /* UIImageView+WebCache.m */,
				768BED5E20A5497E00050986 /* UIButton+WebCache.h */,
				768BED6820A5497E00050986 /* UIButton+WebCache.m */,
				768BED6020A5497E00050986 /* UIView+WebCacheOperation.h */,
				768BED6620A5497E00050986 /* UIView+WebCacheOperation.m */,
				768BED5B20A5497E00050986 /* NSData+ImageContentType.h */,
				768BED6420A5497E00050986 /* NSData+ImageContentType.m */,
				768BED6220A5497E00050986 /* UIImage+WebP.h */,
				768BED5820A5497E00050986 /* UIImage+WebP.m */,
				768BED6920A5497E00050986 /* UIImage+GIF.h */,
				768BED5D20A5497E00050986 /* UIImage+GIF.m */,
				768BED6720A5497E00050986 /* UIImage+MultiFormat.h */,
				768BED5F20A5497E00050986 /* UIImage+MultiFormat.m */,
			);
			path = Categories;
			sourceTree = "<group>";
		};
/* End PBXGroup section */

/* Begin PBXNativeTarget section */
		768BED1E20A548BF00050986 /* CoderLN：SDWebImage-3.7.5 */ = {
			isa = PBXNativeTarget;
			buildConfigurationList = 768BED3520A548C000050986 /* Build configuration list for PBXNativeTarget "CoderLN：SDWebImage-3.7.5" */;
			buildPhases = (
				768BED1B20A548BF00050986 /* Sources */,
				768BED1C20A548BF00050986 /* Frameworks */,
				768BED1D20A548BF00050986 /* Resources */,
			);
			buildRules = (
			);
			dependencies = (
			);
			name = "CoderLN：SDWebImage-3.7.5";
			productName = "CoderLN：SDWebImage-3.7.5";
			productReference = 768BED1F20A548BF00050986 /* CoderLN：SDWebImage-3.7.5.app */;
			productType = "com.apple.product-type.application";
		};
/* End PBXNativeTarget section */

/* Begin PBXProject section */
		768BED1720A548BF00050986 /* Project object */ = {
			isa = PBXProject;
			attributes = {
				LastUpgradeCheck = 0930;
				ORGANIZATIONNAME = LN;
				TargetAttributes = {
					768BED1E20A548BF00050986 = {
						CreatedOnToolsVersion = 9.3;
					};
				};
			};
			buildConfigurationList = 768BED1A20A548BF00050986 /* Build configuration list for PBXProject "CoderLN：SDWebImage-3.7.5" */;
			compatibilityVersion = "Xcode 9.3";
			developmentRegion = en;
			hasScannedForEncodings = 0;
			knownRegions = (
				en,
				Base,
			);
			mainGroup = 768BED1620A548BF00050986;
			productRefGroup = 768BED2020A548BF00050986 /* Products */;
			projectDirPath = "";
			projectRoot = "";
			targets = (
				768BED1E20A548BF00050986 /* CoderLN：SDWebImage-3.7.5 */,
			);
		};
/* End PBXProject section */

/* Begin PBXResourcesBuildPhase section */
		768BED1D20A548BF00050986 /* Resources */ = {
			isa = PBXResourcesBuildPhase;
			buildActionMask = 2147483647;
			files = (
				768BED6B20A5497E00050986 /* Info.plist in Resources */,
				768BED2F20A548C000050986 /* LaunchScreen.storyboard in Resources */,
				768BED2C20A548C000050986 /* Assets.xcassets in Resources */,
				768BED2A20A548BF00050986 /* Main.storyboard in Resources */,
			);
			runOnlyForDeploymentPostprocessing = 0;
		};
/* End PBXResourcesBuildPhase section */

/* Begin PBXSourcesBuildPhase section */
		768BED1B20A548BF00050986 /* Sources */ = {
			isa = PBXSourcesBuildPhase;
			buildActionMask = 2147483647;
			files = (
				768BED3F20A5490100050986 /* main.m in Sources */,
				768BED7120A5497E00050986 /* SDWebImagePrefetcher.m in Sources */,
				768BED6F20A5497E00050986 /* SDWebImageManager.m in Sources */,
				768BED6A20A5497E00050986 /* SDWebImageCompat.m in Sources */,
				768BED7820A5497E00050986 /* UIImageView+WebCache.m in Sources */,
				768BED3E20A5490100050986 /* ViewController.m in Sources */,
				768BED7320A5497E00050986 /* MKAnnotationView+WebCache.m in Sources */,
				768BED4020A5490100050986 /* AppDelegate.m in Sources */,
				768BED7620A5497E00050986 /* UIImage+MultiFormat.m in Sources */,
				768BED6E20A5497E00050986 /* SDWebImageDownloaderOperation.m in Sources */,
				768BED6D20A5497E00050986 /* SDWebImageDownloader.m in Sources */,
				768BED7720A5497E00050986 /* NSData+ImageContentType.m in Sources */,
				768BED7A20A5497E00050986 /* UIButton+WebCache.m in Sources */,
				768BED7020A5497E00050986 /* SDWebImageDecoder.m in Sources */,
				768BED6C20A5497E00050986 /* SDImageCache.m in Sources */,
				768BED7220A5497E00050986 /* UIImage+WebP.m in Sources */,
				768BED7520A5497E00050986 /* UIImage+GIF.m in Sources */,
				768BED7920A5497E00050986 /* UIView+WebCacheOperation.m in Sources */,
				768BED7420A5497E00050986 /* UIImageView+HighlightedWebCache.m in Sources */,
			);
			runOnlyForDeploymentPostprocessing = 0;
		};
/* End PBXSourcesBuildPhase section */

/* Begin PBXVariantGroup section */
		768BED2820A548BF00050986 /* Main.storyboard */ = {
			isa = PBXVariantGroup;
			children = (
				768BED2920A548BF00050986 /* Base */,
			);
			name = Main.storyboard;
			sourceTree = "<group>";
		};
		768BED2D20A548C000050986 /* LaunchScreen.storyboard */ = {
			isa = PBXVariantGroup;
			children = (
				768BED2E20A548C000050986 /* Base */,
			);
			name = LaunchScreen.storyboard;
			sourceTree = "<group>";
		};
/* End PBXVariantGroup section */

/* Begin XCBuildConfiguration section */
		768BED3320A548C000050986 /* Debug */ = {
			isa = XCBuildConfiguration;
			buildSettings = {
				ALWAYS_SEARCH_USER_PATHS = NO;
				CLANG_ANALYZER_NONNULL = YES;
				CLANG_ANALYZER_NUMBER_OBJECT_CONVERSION = YES_AGGRESSIVE;
				CLANG_CXX_LANGUAGE_STANDARD = "gnu++14";
				CLANG_CXX_LIBRARY = "libc++";
				CLANG_ENABLE_MODULES = YES;
				CLANG_ENABLE_OBJC_ARC = YES;
				CLANG_ENABLE_OBJC_WEAK = YES;
				CLANG_WARN_BLOCK_CAPTURE_AUTORELEASING = YES;
				CLANG_WARN_BOOL_CONVERSION = YES;
				CLANG_WARN_COMMA = YES;
				CLANG_WARN_CONSTANT_CONVERSION = YES;
				CLANG_WARN_DEPRECATED_OBJC_IMPLEMENTATIONS = YES;
				CLANG_WARN_DIRECT_OBJC_ISA_USAGE = YES_ERROR;
				CLANG_WARN_DOCUMENTATION_COMMENTS = YES;
				CLANG_WARN_EMPTY_BODY = YES;
				CLANG_WARN_ENUM_CONVERSION = YES;
				CLANG_WARN_INFINITE_RECURSION = YES;
				CLANG_WARN_INT_CONVERSION = YES;
				CLANG_WARN_NON_LITERAL_NULL_CONVERSION = YES;
				CLANG_WARN_OBJC_IMPLICIT_RETAIN_SELF = YES;
				CLANG_WARN_OBJC_LITERAL_CONVERSION = YES;
				CLANG_WARN_OBJC_ROOT_CLASS = YES_ERROR;
				CLANG_WARN_RANGE_LOOP_ANALYSIS = YES;
				CLANG_WARN_STRICT_PROTOTYPES = YES;
				CLANG_WARN_SUSPICIOUS_MOVE = YES;
				CLANG_WARN_UNGUARDED_AVAILABILITY = YES_AGGRESSIVE;
				CLANG_WARN_UNREACHABLE_CODE = YES;
				CLANG_WARN__DUPLICATE_METHOD_MATCH = YES;
				CODE_SIGN_IDENTITY = "iPhone Developer";
				COPY_PHASE_STRIP = NO;
				DEBUG_INFORMATION_FORMAT = dwarf;
				ENABLE_STRICT_OBJC_MSGSEND = YES;
				ENABLE_TESTABILITY = YES;
				GCC_C_LANGUAGE_STANDARD = gnu11;
				GCC_DYNAMIC_NO_PIC = NO;
				GCC_NO_COMMON_BLOCKS = YES;
				GCC_OPTIMIZATION_LEVEL = 0;
				GCC_PREPROCESSOR_DEFINITIONS = (
					"DEBUG=1",
					"$(inherited)",
				);
				GCC_WARN_64_TO_32_BIT_CONVERSION = YES;
				GCC_WARN_ABOUT_RETURN_TYPE = YES_ERROR;
				GCC_WARN_UNDECLARED_SELECTOR = YES;
				GCC_WARN_UNINITIALIZED_AUTOS = YES_AGGRESSIVE;
				GCC_WARN_UNUSED_FUNCTION = YES;
				GCC_WARN_UNUSED_VARIABLE = YES;
				IPHONEOS_DEPLOYMENT_TARGET = 11.3;
				MTL_ENABLE_DEBUG_INFO = YES;
				ONLY_ACTIVE_ARCH = YES;
				SDKROOT = iphoneos;
			};
			name = Debug;
		};
		768BED3420A548C000050986 /* Release */ = {
			isa = XCBuildConfiguration;
			buildSettings = {
				ALWAYS_SEARCH_USER_PATHS = NO;
				CLANG_ANALYZER_NONNULL = YES;
				CLANG_ANALYZER_NUMBER_OBJECT_CONVERSION = YES_AGGRESSIVE;
				CLANG_CXX_LANGUAGE_STANDARD = "gnu++14";
				CLANG_CXX_LIBRARY = "libc++";
				CLANG_ENABLE_MODULES = YES;
				CLANG_ENABLE_OBJC_ARC = YES;
				CLANG_ENABLE_OBJC_WEAK = YES;
				CLANG_WARN_BLOCK_CAPTURE_AUTORELEASING = YES;
				CLANG_WARN_BOOL_CONVERSION = YES;
				CLANG_WARN_COMMA = YES;
				CLANG_WARN_CONSTANT_CONVERSION = YES;
				CLANG_WARN_DEPRECATED_OBJC_IMPLEMENTATIONS = YES;
				CLANG_WARN_DIRECT_OBJC_ISA_USAGE = YES_ERROR;
				CLANG_WARN_DOCUMENTATION_COMMENTS = YES;
				CLANG_WARN_EMPTY_BODY = YES;
				CLANG_WARN_ENUM_CONVERSION = YES;
				CLANG_WARN_INFINITE_RECURSION = YES;
				CLANG_WARN_INT_CONVERSION = YES;
				CLANG_WARN_NON_LITERAL_NULL_CONVERSION = YES;
				CLANG_WARN_OBJC_IMPLICIT_RETAIN_SELF = YES;
				CLANG_WARN_OBJC_LITERAL_CONVERSION = YES;
				CLANG_WARN_OBJC_ROOT_CLASS = YES_ERROR;
				CLANG_WARN_RANGE_LOOP_ANALYSIS = YES;
				CLANG_WARN_STRICT_PROTOTYPES = YES;
				CLANG_WARN_SUSPICIOUS_MOVE = YES;
				CLANG_WARN_UNGUARDED_AVAILABILITY = YES_AGGRESSIVE;
				CLANG_WARN_UNREACHABLE_CODE = YES;
				CLANG_WARN__DUPLICATE_METHOD_MATCH = YES;
				CODE_SIGN_IDENTITY = "iPhone Developer";
				COPY_PHASE_STRIP = NO;
				DEBUG_INFORMATION_FORMAT = "dwarf-with-dsym";
				ENABLE_NS_ASSERTIONS = NO;
				ENABLE_STRICT_OBJC_MSGSEND = YES;
				GCC_C_LANGUAGE_STANDARD = gnu11;
				GCC_NO_COMMON_BLOCKS = YES;
				GCC_WARN_64_TO_32_BIT_CONVERSION = YES;
				GCC_WARN_ABOUT_RETURN_TYPE = YES_ERROR;
				GCC_WARN_UNDECLARED_SELECTOR = YES;
				GCC_WARN_UNINITIALIZED_AUTOS = YES_AGGRESSIVE;
				GCC_WARN_UNUSED_FUNCTION = YES;
				GCC_WARN_UNUSED_VARIABLE = YES;
				IPHONEOS_DEPLOYMENT_TARGET = 11.3;
				MTL_ENABLE_DEBUG_INFO = NO;
				SDKROOT = iphoneos;
				VALIDATE_PRODUCT = YES;
			};
			name = Release;
		};
		768BED3620A548C000050986 /* Debug */ = {
			isa = XCBuildConfiguration;
			buildSettings = {
				ASSETCATALOG_COMPILER_APPICON_NAME = AppIcon;
				CODE_SIGN_STYLE = Automatic;
				INFOPLIST_FILE = "CoderLN：SDWebImage-3.7.5/Info.plist";
				LD_RUNPATH_SEARCH_PATHS = (
					"$(inherited)",
					"@executable_path/Frameworks",
				);
				PRODUCT_BUNDLE_IDENTIFIER = "Public-Codeidea.CoderLN-SDWebImage-3-7-5";
				PRODUCT_NAME = "$(TARGET_NAME)";
				TARGETED_DEVICE_FAMILY = "1,2";
			};
			name = Debug;
		};
		768BED3720A548C000050986 /* Release */ = {
			isa = XCBuildConfiguration;
			buildSettings = {
				ASSETCATALOG_COMPILER_APPICON_NAME = AppIcon;
				CODE_SIGN_STYLE = Automatic;
				INFOPLIST_FILE = "CoderLN：SDWebImage-3.7.5/Info.plist";
				LD_RUNPATH_SEARCH_PATHS = (
					"$(inherited)",
					"@executable_path/Frameworks",
				);
				PRODUCT_BUNDLE_IDENTIFIER = "Public-Codeidea.CoderLN-SDWebImage-3-7-5";
				PRODUCT_NAME = "$(TARGET_NAME)";
				TARGETED_DEVICE_FAMILY = "1,2";
			};
			name = Release;
		};
/* End XCBuildConfiguration section */

/* Begin XCConfigurationList section */
		768BED1A20A548BF00050986 /* Build configuration list for PBXProject "CoderLN：SDWebImage-3.7.5" */ = {
			isa = XCConfigurationList;
			buildConfigurations = (
				768BED3320A548C000050986 /* Debug */,
				768BED3420A548C000050986 /* Release */,
			);
			defaultConfigurationIsVisible = 0;
			defaultConfigurationName = Release;
		};
		768BED3520A548C000050986 /* Build configuration list for PBXNativeTarget "CoderLN：SDWebImage-3.7.5" */ = {
			isa = XCConfigurationList;
			buildConfigurations = (
				768BED3620A548C000050986 /* Debug */,
				768BED3720A548C000050986 /* Release */,
			);
			defaultConfigurationIsVisible = 0;
			defaultConfigurationName = Release;
		};
/* End XCConfigurationList section */
	};
	rootObject = 768BED1720A548BF00050986 /* Project object */;
}
