// !$*UTF8*$!
{
	archiveVersion = 1;
	classes = {
	};
	objectVersion = 50;
	objects = {

/* Begin PBXBuildFile section */
		7612285720BE438C008A1AA6 /* SVRadialGradientLayer.m in Sources */ = {isa = PBXBuildFile; fileRef = 7612285120BE438B008A1AA6 /* SVRadialGradientLayer.m */; };
		7612286920BEBD43008A1AA6 /* SVIndefiniteAnimatedView.m in Sources */ = {isa = PBXBuildFile; fileRef = 7612286020BEBD43008A1AA6 /* SVIndefiniteAnimatedView.m */; };
		7612286A20BEBD43008A1AA6 /* SVProgressAnimatedView.m in Sources */ = {isa = PBXBuildFile; fileRef = 7612286220BEBD43008A1AA6 /* SVProgressAnimatedView.m */; };
		7612286B20BEBD43008A1AA6 /* SVProgressHUD.m in Sources */ = {isa = PBXBuildFile; fileRef = 7612286720BEBD43008A1AA6 /* SVProgressHUD.m */; };
		7612286C20BEBD43008A1AA6 /* SVProgressHUD.bundle in Resources */ = {isa = PBXBuildFile; fileRef = 7612286820BEBD43008A1AA6 /* SVProgressHUD.bundle */; };
		767C186920AE9E8500128BE7 /* Main.storyboard in Resources */ = {isa = PBXBuildFile; fileRef = 767C186720AE9E8500128BE7 /* Main.storyboard */; };
		767C186B20AE9E8600128BE7 /* Assets.xcassets in Resources */ = {isa = PBXBuildFile; fileRef = 767C186A20AE9E8600128BE7 /* Assets.xcassets */; };
		767C186E20AE9E8600128BE7 /* LaunchScreen.storyboard in Resources */ = {isa = PBXBuildFile; fileRef = 767C186C20AE9E8600128BE7 /* LaunchScreen.storyboard */; };
		767C187D20AE9EAE00128BE7 /* ViewController.m in Sources */ = {isa = PBXBuildFile; fileRef = 767C187920AE9EAD00128BE7 /* ViewController.m */; };
		767C187E20AE9EAE00128BE7 /* main.m in Sources */ = {isa = PBXBuildFile; fileRef = 767C187A20AE9EAD00128BE7 /* main.m */; };
		767C187F20AE9EAE00128BE7 /* AppDelegate.m in Sources */ = {isa = PBXBuildFile; fileRef = 767C187B20AE9EAD00128BE7 /* AppDelegate.m */; };
/* End PBXBuildFile section */

/* Begin PBXFileReference section */
		7612285120BE438B008A1AA6 /* SVRadialGradientLayer.m */ = {isa = PBXFileReference; fileEncoding = 4; lastKnownFileType = sourcecode.c.objc; path = SVRadialGradientLayer.m; sourceTree = "<group>"; };
		7612285220BE438B008A1AA6 /* SVRadialGradientLayer.h */ = {isa = PBXFileReference; fileEncoding = 4; lastKnownFileType = sourcecode.c.h; path = SVRadialGradientLayer.h; sourceTree = "<group>"; };
		7612285F20BEBD43008A1AA6 /* SVIndefiniteAnimatedView.h */ = {isa = PBXFileReference; fileEncoding = 4; lastKnownFileType = sourcecode.c.h; path = SVIndefiniteAnimatedView.h; sourceTree = "<group>"; };
		7612286020BEBD43008A1AA6 /* SVIndefiniteAnimatedView.m */ = {isa = PBXFileReference; fileEncoding = 4; lastKnownFileType = sourcecode.c.objc; path = SVIndefiniteAnimatedView.m; sourceTree = "<group>"; };
		7612286220BEBD43008A1AA6 /* SVProgressAnimatedView.m */ = {isa = PBXFileReference; fileEncoding = 4; lastKnownFileType = sourcecode.c.objc; path = SVProgressAnimatedView.m; sourceTree = "<group>"; };
		7612286320BEBD43008A1AA6 /* SVProgressAnimatedView.h */ = {isa = PBXFileReference; fileEncoding = 4; lastKnownFileType = sourcecode.c.h; path = SVProgressAnimatedView.h; sourceTree = "<group>"; };
		7612286520BEBD43008A1AA6 /* SVProgressHUD.h */ = {isa = PBXFileReference; fileEncoding = 4; lastKnownFileType = sourcecode.c.h; path = SVProgressHUD.h; sourceTree = "<group>"; };
		7612286620BEBD43008A1AA6 /* SVProgressHUD-Prefix.pch */ = {isa = PBXFileReference; fileEncoding = 4; lastKnownFileType = sourcecode.c.h; path = "SVProgressHUD-Prefix.pch"; sourceTree = "<group>"; };
		7612286720BEBD43008A1AA6 /* SVProgressHUD.m */ = {isa = PBXFileReference; fileEncoding = 4; lastKnownFileType = sourcecode.c.objc; path = SVProgressHUD.m; sourceTree = "<group>"; };
		7612286820BEBD43008A1AA6 /* SVProgressHUD.bundle */ = {isa = PBXFileReference; lastKnownFileType = "wrapper.plug-in"; path = SVProgressHUD.bundle; sourceTree = "<group>"; };
		767C185E20AE9E8400128BE7 /* CoderLN：SVProgressHUD-2.2.5.app */ = {isa = PBXFileReference; explicitFileType = wrapper.application; includeInIndex = 0; path = "CoderLN：SVProgressHUD-2.2.5.app"; sourceTree = BUILT_PRODUCTS_DIR; };
		767C186820AE9E8500128BE7 /* Base */ = {isa = PBXFileReference; lastKnownFileType = file.storyboard; name = Base; path = Base.lproj/Main.storyboard; sourceTree = "<group>"; };
		767C186A20AE9E8600128BE7 /* Assets.xcassets */ = {isa = PBXFileReference; lastKnownFileType = folder.assetcatalog; path = Assets.xcassets; sourceTree = "<group>"; };
		767C186D20AE9E8600128BE7 /* Base */ = {isa = PBXFileReference; lastKnownFileType = file.storyboard; name = Base; path = Base.lproj/LaunchScreen.storyboard; sourceTree = "<group>"; };
		767C186F20AE9E8600128BE7 /* Info.plist */ = {isa = PBXFileReference; lastKnownFileType = text.plist.xml; path = Info.plist; sourceTree = "<group>"; };
		767C187820AE9EAD00128BE7 /* AppDelegate.h */ = {isa = PBXFileReference; fileEncoding = 4; lastKnownFileType = sourcecode.c.h; path = AppDelegate.h; sourceTree = "<group>"; };
		767C187920AE9EAD00128BE7 /* ViewController.m */ = {isa = PBXFileReference; fileEncoding = 4; lastKnownFileType = sourcecode.c.objc; path = ViewController.m; sourceTree = "<group>"; };
		767C187A20AE9EAD00128BE7 /* main.m */ = {isa = PBXFileReference; fileEncoding = 4; lastKnownFileType = sourcecode.c.objc; path = main.m; sourceTree = "<group>"; };
		767C187B20AE9EAD00128BE7 /* AppDelegate.m */ = {isa = PBXFileReference; fileEncoding = 4; lastKnownFileType = sourcecode.c.objc; path = AppDelegate.m; sourceTree = "<group>"; };
		767C187C20AE9EAD00128BE7 /* ViewController.h */ = {isa = PBXFileReference; fileEncoding = 4; lastKnownFileType = sourcecode.c.h; path = ViewController.h; sourceTree = "<group>"; };
/* End PBXFileReference section */

/* Begin PBXFrameworksBuildPhase section */
		767C185B20AE9E8400128BE7 /* Frameworks */ = {
			isa = PBXFrameworksBuildPhase;
			buildActionMask = 2147483647;
			files = (
			);
			runOnlyForDeploymentPostprocessing = 0;
		};
/* End PBXFrameworksBuildPhase section */

/* Begin PBXGroup section */
		7612284420BE438B008A1AA6 /* CoderLN：SVProgressHUD-2.2.5 */ = {
			isa = PBXGroup;
			children = (
				7612286420BEBD43008A1AA6 /* SV视图显示控制类 */,
				7612285E20BEBD43008A1AA6 /* 无限旋转视图组件 */,
				7612286120BEBD43008A1AA6 /* 进度视图组件 */,
				7612285020BE438B008A1AA6 /* 渐变图层 */,
			);
			path = "CoderLN：SVProgressHUD-2.2.5";
			sourceTree = "<group>";
		};
		7612285020BE438B008A1AA6 /* 渐变图层 */ = {
			isa = PBXGroup;
			children = (
				7612285220BE438B008A1AA6 /* SVRadialGradientLayer.h */,
				7612285120BE438B008A1AA6 /* SVRadialGradientLayer.m */,
			);
			path = "渐变图层";
			sourceTree = "<group>";
		};
		7612285E20BEBD43008A1AA6 /* 无限旋转视图组件 */ = {
			isa = PBXGroup;
			children = (
				7612285F20BEBD43008A1AA6 /* SVIndefiniteAnimatedView.h */,
				7612286020BEBD43008A1AA6 /* SVIndefiniteAnimatedView.m */,
			);
			path = "无限旋转视图组件";
			sourceTree = "<group>";
		};
		7612286120BEBD43008A1AA6 /* 进度视图组件 */ = {
			isa = PBXGroup;
			children = (
				7612286320BEBD43008A1AA6 /* SVProgressAnimatedView.h */,
				7612286220BEBD43008A1AA6 /* SVProgressAnimatedView.m */,
			);
			path = "进度视图组件";
			sourceTree = "<group>";
		};
		7612286420BEBD43008A1AA6 /* SV视图显示控制类 */ = {
			isa = PBXGroup;
			children = (
				7612286520BEBD43008A1AA6 /* SVProgressHUD.h */,
				7612286720BEBD43008A1AA6 /* SVProgressHUD.m */,
				7612286620BEBD43008A1AA6 /* SVProgressHUD-Prefix.pch */,
				7612286820BEBD43008A1AA6 /* SVProgressHUD.bundle */,
			);
			path = "SV视图显示控制类";
			sourceTree = "<group>";
		};
		767C185520AE9E8400128BE7 = {
			isa = PBXGroup;
			children = (
				767C186020AE9E8400128BE7 /* CoderLN：SVProgressHUD-2.2.5 */,
				767C185F20AE9E8400128BE7 /* Products */,
			);
			sourceTree = "<group>";
		};
		767C185F20AE9E8400128BE7 /* Products */ = {
			isa = PBXGroup;
			children = (
				767C185E20AE9E8400128BE7 /* CoderLN：SVProgressHUD-2.2.5.app */,
			);
			name = Products;
			sourceTree = "<group>";
		};
		767C186020AE9E8400128BE7 /* CoderLN：SVProgressHUD-2.2.5 */ = {
			isa = PBXGroup;
			children = (
				7612284420BE438B008A1AA6 /* CoderLN：SVProgressHUD-2.2.5 */,
				767C187720AE9EAD00128BE7 /* Other */,
				767C186720AE9E8500128BE7 /* Main.storyboard */,
				767C186A20AE9E8600128BE7 /* Assets.xcassets */,
				767C186C20AE9E8600128BE7 /* LaunchScreen.storyboard */,
				767C186F20AE9E8600128BE7 /* Info.plist */,
			);
			path = "CoderLN：SVProgressHUD-2.2.5";
			sourceTree = "<group>";
		};
		767C187720AE9EAD00128BE7 /* Other */ = {
			isa = PBXGroup;
			children = (
				767C187820AE9EAD00128BE7 /* AppDelegate.h */,
				767C187B20AE9EAD00128BE7 /* AppDelegate.m */,
				767C187C20AE9EAD00128BE7 /* ViewController.h */,
				767C187920AE9EAD00128BE7 /* ViewController.m */,
				767C187A20AE9EAD00128BE7 /* main.m */,
			);
			path = Other;
			sourceTree = "<group>";
		};
/* End PBXGroup section */

/* Begin PBXNativeTarget section */
		767C185D20AE9E8400128BE7 /* CoderLN：SVProgressHUD-2.2.5 */ = {
			isa = PBXNativeTarget;
			buildConfigurationList = 767C187420AE9E8600128BE7 /* Build configuration list for PBXNativeTarget "CoderLN：SVProgressHUD-2.2.5" */;
			buildPhases = (
				767C185A20AE9E8400128BE7 /* Sources */,
				767C185B20AE9E8400128BE7 /* Frameworks */,
				767C185C20AE9E8400128BE7 /* Resources */,
			);
			buildRules = (
			);
			dependencies = (
			);
			name = "CoderLN：SVProgressHUD-2.2.5";
			productName = "CoderLN：SVProgressHUD-2.2.5";
			productReference = 767C185E20AE9E8400128BE7 /* CoderLN：SVProgressHUD-2.2.5.app */;
			productType = "com.apple.product-type.application";
		};
/* End PBXNativeTarget section */

/* Begin PBXProject section */
		767C185620AE9E8400128BE7 /* Project object */ = {
			isa = PBXProject;
			attributes = {
				LastUpgradeCheck = 0930;
				ORGANIZATIONNAME = LN;
				TargetAttributes = {
					767C185D20AE9E8400128BE7 = {
						CreatedOnToolsVersion = 9.3;
					};
				};
			};
			buildConfigurationList = 767C185920AE9E8400128BE7 /* Build configuration list for PBXProject "CoderLN：SVProgressHUD-2.2.5" */;
			compatibilityVersion = "Xcode 9.3";
			developmentRegion = en;
			hasScannedForEncodings = 0;
			knownRegions = (
				en,
				Base,
			);
			mainGroup = 767C185520AE9E8400128BE7;
			productRefGroup = 767C185F20AE9E8400128BE7 /* Products */;
			projectDirPath = "";
			projectRoot = "";
			targets = (
				767C185D20AE9E8400128BE7 /* CoderLN：SVProgressHUD-2.2.5 */,
			);
		};
/* End PBXProject section */

/* Begin PBXResourcesBuildPhase section */
		767C185C20AE9E8400128BE7 /* Resources */ = {
			isa = PBXResourcesBuildPhase;
			buildActionMask = 2147483647;
			files = (
				767C186E20AE9E8600128BE7 /* LaunchScreen.storyboard in Resources */,
				767C186B20AE9E8600128BE7 /* Assets.xcassets in Resources */,
				767C186920AE9E8500128BE7 /* Main.storyboard in Resources */,
				7612286C20BEBD43008A1AA6 /* SVProgressHUD.bundle in Resources */,
			);
			runOnlyForDeploymentPostprocessing = 0;
		};
/* End PBXResourcesBuildPhase section */

/* Begin PBXSourcesBuildPhase section */
		767C185A20AE9E8400128BE7 /* Sources */ = {
			isa = PBXSourcesBuildPhase;
			buildActionMask = 2147483647;
			files = (
				7612286920BEBD43008A1AA6 /* SVIndefiniteAnimatedView.m in Sources */,
				7612285720BE438C008A1AA6 /* SVRadialGradientLayer.m in Sources */,
				767C187E20AE9EAE00128BE7 /* main.m in Sources */,
				7612286B20BEBD43008A1AA6 /* SVProgressHUD.m in Sources */,
				767C187D20AE9EAE00128BE7 /* ViewController.m in Sources */,
				767C187F20AE9EAE00128BE7 /* AppDelegate.m in Sources */,
				7612286A20BEBD43008A1AA6 /* SVProgressAnimatedView.m in Sources */,
			);
			runOnlyForDeploymentPostprocessing = 0;
		};
/* End PBXSourcesBuildPhase section */

/* Begin PBXVariantGroup section */
		767C186720AE9E8500128BE7 /* Main.storyboard */ = {
			isa = PBXVariantGroup;
			children = (
				767C186820AE9E8500128BE7 /* Base */,
			);
			name = Main.storyboard;
			sourceTree = "<group>";
		};
		767C186C20AE9E8600128BE7 /* LaunchScreen.storyboard */ = {
			isa = PBXVariantGroup;
			children = (
				767C186D20AE9E8600128BE7 /* Base */,
			);
			name = LaunchScreen.storyboard;
			sourceTree = "<group>";
		};
/* End PBXVariantGroup section */

/* Begin XCBuildConfiguration section */
		767C187220AE9E8600128BE7 /* Debug */ = {
			isa = XCBuildConfiguration;
			buildSettings = {
				ALWAYS_SEARCH_USER_PATHS = NO;
				CLANG_ANALYZER_NONNULL = YES;
				CLANG_ANALYZER_NUMBER_OBJECT_CONVERSION = YES_AGGRESSIVE;
				CLANG_CXX_LANGUAGE_STANDARD = "gnu++14";
				CLANG_CXX_LIBRARY = "libc++";
				CLANG_ENABLE_MODULES = YES;
				CLANG_ENABLE_OBJC_ARC = YES;
				CLANG_ENABLE_OBJC_WEAK = YES;
				CLANG_WARN_BLOCK_CAPTURE_AUTORELEASING = YES;
				CLANG_WARN_BOOL_CONVERSION = YES;
				CLANG_WARN_COMMA = YES;
				CLANG_WARN_CONSTANT_CONVERSION = YES;
				CLANG_WARN_DEPRECATED_OBJC_IMPLEMENTATIONS = YES;
				CLANG_WARN_DIRECT_OBJC_ISA_USAGE = YES_ERROR;
				CLANG_WARN_DOCUMENTATION_COMMENTS = YES;
				CLANG_WARN_EMPTY_BODY = YES;
				CLANG_WARN_ENUM_CONVERSION = YES;
				CLANG_WARN_INFINITE_RECURSION = YES;
				CLANG_WARN_INT_CONVERSION = YES;
				CLANG_WARN_NON_LITERAL_NULL_CONVERSION = YES;
				CLANG_WARN_OBJC_IMPLICIT_RETAIN_SELF = YES;
				CLANG_WARN_OBJC_LITERAL_CONVERSION = YES;
				CLANG_WARN_OBJC_ROOT_CLASS = YES_ERROR;
				CLANG_WARN_RANGE_LOOP_ANALYSIS = YES;
				CLANG_WARN_STRICT_PROTOTYPES = YES;
				CLANG_WARN_SUSPICIOUS_MOVE = YES;
				CLANG_WARN_UNGUARDED_AVAILABILITY = YES_AGGRESSIVE;
				CLANG_WARN_UNREACHABLE_CODE = YES;
				CLANG_WARN__DUPLICATE_METHOD_MATCH = YES;
				CODE_SIGN_IDENTITY = "iPhone Developer";
				COPY_PHASE_STRIP = NO;
				DEBUG_INFORMATION_FORMAT = dwarf;
				ENABLE_STRICT_OBJC_MSGSEND = YES;
				ENABLE_TESTABILITY = YES;
				GCC_C_LANGUAGE_STANDARD = gnu11;
				GCC_DYNAMIC_NO_PIC = NO;
				GCC_NO_COMMON_BLOCKS = YES;
				GCC_OPTIMIZATION_LEVEL = 0;
				GCC_PREPROCESSOR_DEFINITIONS = (
					"DEBUG=1",
					"$(inherited)",
				);
				GCC_WARN_64_TO_32_BIT_CONVERSION = YES;
				GCC_WARN_ABOUT_RETURN_TYPE = YES_ERROR;
				GCC_WARN_UNDECLARED_SELECTOR = YES;
				GCC_WARN_UNINITIALIZED_AUTOS = YES_AGGRESSIVE;
				GCC_WARN_UNUSED_FUNCTION = YES;
				GCC_WARN_UNUSED_VARIABLE = YES;
				IPHONEOS_DEPLOYMENT_TARGET = 11.3;
				MTL_ENABLE_DEBUG_INFO = YES;
				ONLY_ACTIVE_ARCH = YES;
				SDKROOT = iphoneos;
			};
			name = Debug;
		};
		767C187320AE9E8600128BE7 /* Release */ = {
			isa = XCBuildConfiguration;
			buildSettings = {
				ALWAYS_SEARCH_USER_PATHS = NO;
				CLANG_ANALYZER_NONNULL = YES;
				CLANG_ANALYZER_NUMBER_OBJECT_CONVERSION = YES_AGGRESSIVE;
				CLANG_CXX_LANGUAGE_STANDARD = "gnu++14";
				CLANG_CXX_LIBRARY = "libc++";
				CLANG_ENABLE_MODULES = YES;
				CLANG_ENABLE_OBJC_ARC = YES;
				CLANG_ENABLE_OBJC_WEAK = YES;
				CLANG_WARN_BLOCK_CAPTURE_AUTORELEASING = YES;
				CLANG_WARN_BOOL_CONVERSION = YES;
				CLANG_WARN_COMMA = YES;
				CLANG_WARN_CONSTANT_CONVERSION = YES;
				CLANG_WARN_DEPRECATED_OBJC_IMPLEMENTATIONS = YES;
				CLANG_WARN_DIRECT_OBJC_ISA_USAGE = YES_ERROR;
				CLANG_WARN_DOCUMENTATION_COMMENTS = YES;
				CLANG_WARN_EMPTY_BODY = YES;
				CLANG_WARN_ENUM_CONVERSION = YES;
				CLANG_WARN_INFINITE_RECURSION = YES;
				CLANG_WARN_INT_CONVERSION = YES;
				CLANG_WARN_NON_LITERAL_NULL_CONVERSION = YES;
				CLANG_WARN_OBJC_IMPLICIT_RETAIN_SELF = YES;
				CLANG_WARN_OBJC_LITERAL_CONVERSION = YES;
				CLANG_WARN_OBJC_ROOT_CLASS = YES_ERROR;
				CLANG_WARN_RANGE_LOOP_ANALYSIS = YES;
				CLANG_WARN_STRICT_PROTOTYPES = YES;
				CLANG_WARN_SUSPICIOUS_MOVE = YES;
				CLANG_WARN_UNGUARDED_AVAILABILITY = YES_AGGRESSIVE;
				CLANG_WARN_UNREACHABLE_CODE = YES;
				CLANG_WARN__DUPLICATE_METHOD_MATCH = YES;
				CODE_SIGN_IDENTITY = "iPhone Developer";
				COPY_PHASE_STRIP = NO;
				DEBUG_INFORMATION_FORMAT = "dwarf-with-dsym";
				ENABLE_NS_ASSERTIONS = NO;
				ENABLE_STRICT_OBJC_MSGSEND = YES;
				GCC_C_LANGUAGE_STANDARD = gnu11;
				GCC_NO_COMMON_BLOCKS = YES;
				GCC_WARN_64_TO_32_BIT_CONVERSION = YES;
				GCC_WARN_ABOUT_RETURN_TYPE = YES_ERROR;
				GCC_WARN_UNDECLARED_SELECTOR = YES;
				GCC_WARN_UNINITIALIZED_AUTOS = YES_AGGRESSIVE;
				GCC_WARN_UNUSED_FUNCTION = YES;
				GCC_WARN_UNUSED_VARIABLE = YES;
				IPHONEOS_DEPLOYMENT_TARGET = 11.3;
				MTL_ENABLE_DEBUG_INFO = NO;
				SDKROOT = iphoneos;
				VALIDATE_PRODUCT = YES;
			};
			name = Release;
		};
		767C187520AE9E8600128BE7 /* Debug */ = {
			isa = XCBuildConfiguration;
			buildSettings = {
				ASSETCATALOG_COMPILER_APPICON_NAME = AppIcon;
				CODE_SIGN_STYLE = Automatic;
				INFOPLIST_FILE = "CoderLN：SVProgressHUD-2.2.5/Info.plist";
				LD_RUNPATH_SEARCH_PATHS = (
					"$(inherited)",
					"@executable_path/Frameworks",
				);
				PRODUCT_BUNDLE_IDENTIFIER = "Public-Codeidea.CoderLN-SVProgressHUD-2-2-5";
				PRODUCT_NAME = "$(TARGET_NAME)";
				TARGETED_DEVICE_FAMILY = "1,2";
			};
			name = Debug;
		};
		767C187620AE9E8600128BE7 /* Release */ = {
			isa = XCBuildConfiguration;
			buildSettings = {
				ASSETCATALOG_COMPILER_APPICON_NAME = AppIcon;
				CODE_SIGN_STYLE = Automatic;
				INFOPLIST_FILE = "CoderLN：SVProgressHUD-2.2.5/Info.plist";
				LD_RUNPATH_SEARCH_PATHS = (
					"$(inherited)",
					"@executable_path/Frameworks",
				);
				PRODUCT_BUNDLE_IDENTIFIER = "Public-Codeidea.CoderLN-SVProgressHUD-2-2-5";
				PRODUCT_NAME = "$(TARGET_NAME)";
				TARGETED_DEVICE_FAMILY = "1,2";
			};
			name = Release;
		};
/* End XCBuildConfiguration section */

/* Begin XCConfigurationList section */
		767C185920AE9E8400128BE7 /* Build configuration list for PBXProject "CoderLN：SVProgressHUD-2.2.5" */ = {
			isa = XCConfigurationList;
			buildConfigurations = (
				767C187220AE9E8600128BE7 /* Debug */,
				767C187320AE9E8600128BE7 /* Release */,
			);
			defaultConfigurationIsVisible = 0;
			defaultConfigurationName = Release;
		};
		767C187420AE9E8600128BE7 /* Build configuration list for PBXNativeTarget "CoderLN：SVProgressHUD-2.2.5" */ = {
			isa = XCConfigurationList;
			buildConfigurations = (
				767C187520AE9E8600128BE7 /* Debug */,
				767C187620AE9E8600128BE7 /* Release */,
			);
			defaultConfigurationIsVisible = 0;
			defaultConfigurationName = Release;
		};
/* End XCConfigurationList section */
	};
	rootObject = 767C185620AE9E8400128BE7 /* Project object */;
}
