// !$*UTF8*$!
{
	archiveVersion = 1;
	classes = {
	};
	objectVersion = 50;
	objects = {

/* Begin PBXBuildFile section */
		76CB1CE7222B9C9400043ADC /* AppDelegate.m in Sources */ = {isa = PBXBuildFile; fileRef = 76CB1CE6222B9C9400043ADC /* AppDelegate.m */; };
		76CB1CEA222B9C9400043ADC /* ViewController.m in Sources */ = {isa = PBXBuildFile; fileRef = 76CB1CE9222B9C9400043ADC /* ViewController.m */; };
		76CB1CED222B9C9400043ADC /* Main.storyboard in Resources */ = {isa = PBXBuildFile; fileRef = 76CB1CEB222B9C9400043ADC /* Main.storyboard */; };
		76CB1CEF222B9C9500043ADC /* Assets.xcassets in Resources */ = {isa = PBXBuildFile; fileRef = 76CB1CEE222B9C9500043ADC /* Assets.xcassets */; };
		76CB1CF2222B9C9500043ADC /* LaunchScreen.storyboard in Resources */ = {isa = PBXBuildFile; fileRef = 76CB1CF0222B9C9500043ADC /* LaunchScreen.storyboard */; };
		76CB1CF5222B9C9500043ADC /* main.m in Sources */ = {isa = PBXBuildFile; fileRef = 76CB1CF4222B9C9500043ADC /* main.m */; };
		76CB1D2B222B9D6D00043ADC /* UIScrollView+MJRefresh.m in Sources */ = {isa = PBXBuildFile; fileRef = 76CB1CFC222B9D6D00043ADC /* UIScrollView+MJRefresh.m */; };
		76CB1D2C222B9D6D00043ADC /* MJRefreshConst.m in Sources */ = {isa = PBXBuildFile; fileRef = 76CB1CFD222B9D6D00043ADC /* MJRefreshConst.m */; };
		76CB1D2D222B9D6D00043ADC /* MJRefresh.bundle in Resources */ = {isa = PBXBuildFile; fileRef = 76CB1D01222B9D6D00043ADC /* MJRefresh.bundle */; };
		76CB1D2E222B9D6D00043ADC /* UIScrollView+MJExtension.m in Sources */ = {isa = PBXBuildFile; fileRef = 76CB1D03222B9D6D00043ADC /* UIScrollView+MJExtension.m */; };
		76CB1D2F222B9D6D00043ADC /* .gitignore in Resources */ = {isa = PBXBuildFile; fileRef = 76CB1D05222B9D6D00043ADC /* .gitignore */; };
		76CB1D30222B9D6D00043ADC /* NSBundle+MJRefresh.m in Sources */ = {isa = PBXBuildFile; fileRef = 76CB1D07222B9D6D00043ADC /* NSBundle+MJRefresh.m */; };
		76CB1D31222B9D6D00043ADC /* UIView+MJExtension.m in Sources */ = {isa = PBXBuildFile; fileRef = 76CB1D08222B9D6D00043ADC /* UIView+MJExtension.m */; };
		76CB1D32222B9D6D00043ADC /* MJRefreshBackGifFooter.m in Sources */ = {isa = PBXBuildFile; fileRef = 76CB1D0F222B9D6D00043ADC /* MJRefreshBackGifFooter.m */; };
		76CB1D33222B9D6D00043ADC /* MJRefreshBackStateFooter.m in Sources */ = {isa = PBXBuildFile; fileRef = 76CB1D10222B9D6D00043ADC /* MJRefreshBackStateFooter.m */; };
		76CB1D34222B9D6D00043ADC /* MJRefreshBackNormalFooter.m in Sources */ = {isa = PBXBuildFile; fileRef = 76CB1D11222B9D6D00043ADC /* MJRefreshBackNormalFooter.m */; };
		76CB1D35222B9D6D00043ADC /* MJRefreshAutoStateFooter.m in Sources */ = {isa = PBXBuildFile; fileRef = 76CB1D16222B9D6D00043ADC /* MJRefreshAutoStateFooter.m */; };
		76CB1D36222B9D6D00043ADC /* MJRefreshAutoGifFooter.m in Sources */ = {isa = PBXBuildFile; fileRef = 76CB1D17222B9D6D00043ADC /* MJRefreshAutoGifFooter.m */; };
		76CB1D37222B9D6D00043ADC /* MJRefreshAutoNormalFooter.m in Sources */ = {isa = PBXBuildFile; fileRef = 76CB1D18222B9D6D00043ADC /* MJRefreshAutoNormalFooter.m */; };
		76CB1D38222B9D6D00043ADC /* MJRefreshNormalHeader.m in Sources */ = {isa = PBXBuildFile; fileRef = 76CB1D1A222B9D6D00043ADC /* MJRefreshNormalHeader.m */; };
		76CB1D39222B9D6D00043ADC /* MJRefreshStateHeader.m in Sources */ = {isa = PBXBuildFile; fileRef = 76CB1D1E222B9D6D00043ADC /* MJRefreshStateHeader.m */; };
		76CB1D3A222B9D6D00043ADC /* MJRefreshGifHeader.m in Sources */ = {isa = PBXBuildFile; fileRef = 76CB1D1F222B9D6D00043ADC /* MJRefreshGifHeader.m */; };
		76CB1D3B222B9D6D00043ADC /* MJRefreshFooter.m in Sources */ = {isa = PBXBuildFile; fileRef = 76CB1D21222B9D6D00043ADC /* MJRefreshFooter.m */; };
		76CB1D3C222B9D6D00043ADC /* MJRefreshHeader.m in Sources */ = {isa = PBXBuildFile; fileRef = 76CB1D23222B9D6D00043ADC /* MJRefreshHeader.m */; };
		76CB1D3D222B9D6D00043ADC /* MJRefreshBackFooter.m in Sources */ = {isa = PBXBuildFile; fileRef = 76CB1D25222B9D6D00043ADC /* MJRefreshBackFooter.m */; };
		76CB1D3E222B9D6D00043ADC /* MJRefreshAutoFooter.m in Sources */ = {isa = PBXBuildFile; fileRef = 76CB1D26222B9D6D00043ADC /* MJRefreshAutoFooter.m */; };
		76CB1D3F222B9D6D00043ADC /* MJRefreshComponent.m in Sources */ = {isa = PBXBuildFile; fileRef = 76CB1D28222B9D6D00043ADC /* MJRefreshComponent.m */; };
/* End PBXBuildFile section */

/* Begin PBXFileReference section */
		761223E0222E6D3D00384A60 /* MJRefresh.h */ = {isa = PBXFileReference; fileEncoding = 4; lastKnownFileType = sourcecode.c.h; path = MJRefresh.h; sourceTree = SOURCE_ROOT; };
		76CB1CE2222B9C9400043ADC /* CoderLN-MJRefresh.app */ = {isa = PBXFileReference; explicitFileType = wrapper.application; includeInIndex = 0; path = "CoderLN-MJRefresh.app"; sourceTree = BUILT_PRODUCTS_DIR; };
		76CB1CE5222B9C9400043ADC /* AppDelegate.h */ = {isa = PBXFileReference; lastKnownFileType = sourcecode.c.h; path = AppDelegate.h; sourceTree = "<group>"; };
		76CB1CE6222B9C9400043ADC /* AppDelegate.m */ = {isa = PBXFileReference; lastKnownFileType = sourcecode.c.objc; path = AppDelegate.m; sourceTree = "<group>"; };
		76CB1CE8222B9C9400043ADC /* ViewController.h */ = {isa = PBXFileReference; lastKnownFileType = sourcecode.c.h; path = ViewController.h; sourceTree = "<group>"; };
		76CB1CE9222B9C9400043ADC /* ViewController.m */ = {isa = PBXFileReference; lastKnownFileType = sourcecode.c.objc; path = ViewController.m; sourceTree = "<group>"; };
		76CB1CEC222B9C9400043ADC /* Base */ = {isa = PBXFileReference; lastKnownFileType = file.storyboard; name = Base; path = Base.lproj/Main.storyboard; sourceTree = "<group>"; };
		76CB1CEE222B9C9500043ADC /* Assets.xcassets */ = {isa = PBXFileReference; lastKnownFileType = folder.assetcatalog; path = Assets.xcassets; sourceTree = "<group>"; };
		76CB1CF1222B9C9500043ADC /* Base */ = {isa = PBXFileReference; lastKnownFileType = file.storyboard; name = Base; path = Base.lproj/LaunchScreen.storyboard; sourceTree = "<group>"; };
		76CB1CF3222B9C9500043ADC /* Info.plist */ = {isa = PBXFileReference; lastKnownFileType = text.plist.xml; path = Info.plist; sourceTree = "<group>"; };
		76CB1CF4222B9C9500043ADC /* main.m */ = {isa = PBXFileReference; lastKnownFileType = sourcecode.c.objc; path = main.m; sourceTree = "<group>"; };
		76CB1CFC222B9D6D00043ADC /* UIScrollView+MJRefresh.m */ = {isa = PBXFileReference; fileEncoding = 4; lastKnownFileType = sourcecode.c.objc; path = "UIScrollView+MJRefresh.m"; sourceTree = "<group>"; };
		76CB1CFD222B9D6D00043ADC /* MJRefreshConst.m */ = {isa = PBXFileReference; fileEncoding = 4; lastKnownFileType = sourcecode.c.objc; path = MJRefreshConst.m; sourceTree = "<group>"; };
		76CB1CFE222B9D6D00043ADC /* UIScrollView+MJExtension.h */ = {isa = PBXFileReference; fileEncoding = 4; lastKnownFileType = sourcecode.c.h; path = "UIScrollView+MJExtension.h"; sourceTree = "<group>"; };
		76CB1D00222B9D6D00043ADC /* NSBundle+MJRefresh.h */ = {isa = PBXFileReference; fileEncoding = 4; lastKnownFileType = sourcecode.c.h; path = "NSBundle+MJRefresh.h"; sourceTree = "<group>"; };
		76CB1D01222B9D6D00043ADC /* MJRefresh.bundle */ = {isa = PBXFileReference; lastKnownFileType = "wrapper.plug-in"; path = MJRefresh.bundle; sourceTree = "<group>"; };
		76CB1D02222B9D6D00043ADC /* UIView+MJExtension.h */ = {isa = PBXFileReference; fileEncoding = 4; lastKnownFileType = sourcecode.c.h; path = "UIView+MJExtension.h"; sourceTree = "<group>"; };
		76CB1D03222B9D6D00043ADC /* UIScrollView+MJExtension.m */ = {isa = PBXFileReference; fileEncoding = 4; lastKnownFileType = sourcecode.c.objc; path = "UIScrollView+MJExtension.m"; sourceTree = "<group>"; };
		76CB1D04222B9D6D00043ADC /* MJRefreshConst.h */ = {isa = PBXFileReference; fileEncoding = 4; lastKnownFileType = sourcecode.c.h; path = MJRefreshConst.h; sourceTree = "<group>"; };
		76CB1D05222B9D6D00043ADC /* .gitignore */ = {isa = PBXFileReference; fileEncoding = 4; lastKnownFileType = text; path = .gitignore; sourceTree = "<group>"; };
		76CB1D06222B9D6D00043ADC /* UIScrollView+MJRefresh.h */ = {isa = PBXFileReference; fileEncoding = 4; lastKnownFileType = sourcecode.c.h; path = "UIScrollView+MJRefresh.h"; sourceTree = "<group>"; };
		76CB1D07222B9D6D00043ADC /* NSBundle+MJRefresh.m */ = {isa = PBXFileReference; fileEncoding = 4; lastKnownFileType = sourcecode.c.objc; path = "NSBundle+MJRefresh.m"; sourceTree = "<group>"; };
		76CB1D08222B9D6D00043ADC /* UIView+MJExtension.m */ = {isa = PBXFileReference; fileEncoding = 4; lastKnownFileType = sourcecode.c.objc; path = "UIView+MJExtension.m"; sourceTree = "<group>"; };
		76CB1D0C222B9D6D00043ADC /* MJRefreshBackGifFooter.h */ = {isa = PBXFileReference; fileEncoding = 4; lastKnownFileType = sourcecode.c.h; path = MJRefreshBackGifFooter.h; sourceTree = "<group>"; };
		76CB1D0D222B9D6D00043ADC /* MJRefreshBackStateFooter.h */ = {isa = PBXFileReference; fileEncoding = 4; lastKnownFileType = sourcecode.c.h; path = MJRefreshBackStateFooter.h; sourceTree = "<group>"; };
		76CB1D0E222B9D6D00043ADC /* MJRefreshBackNormalFooter.h */ = {isa = PBXFileReference; fileEncoding = 4; lastKnownFileType = sourcecode.c.h; path = MJRefreshBackNormalFooter.h; sourceTree = "<group>"; };
		76CB1D0F222B9D6D00043ADC /* MJRefreshBackGifFooter.m */ = {isa = PBXFileReference; fileEncoding = 4; lastKnownFileType = sourcecode.c.objc; path = MJRefreshBackGifFooter.m; sourceTree = "<group>"; };
		76CB1D10222B9D6D00043ADC /* MJRefreshBackStateFooter.m */ = {isa = PBXFileReference; fileEncoding = 4; lastKnownFileType = sourcecode.c.objc; path = MJRefreshBackStateFooter.m; sourceTree = "<group>"; };
		76CB1D11222B9D6D00043ADC /* MJRefreshBackNormalFooter.m */ = {isa = PBXFileReference; fileEncoding = 4; lastKnownFileType = sourcecode.c.objc; path = MJRefreshBackNormalFooter.m; sourceTree = "<group>"; };
		76CB1D13222B9D6D00043ADC /* MJRefreshAutoStateFooter.h */ = {isa = PBXFileReference; fileEncoding = 4; lastKnownFileType = sourcecode.c.h; path = MJRefreshAutoStateFooter.h; sourceTree = "<group>"; };
		76CB1D14222B9D6D00043ADC /* MJRefreshAutoNormalFooter.h */ = {isa = PBXFileReference; fileEncoding = 4; lastKnownFileType = sourcecode.c.h; path = MJRefreshAutoNormalFooter.h; sourceTree = "<group>"; };
		76CB1D15222B9D6D00043ADC /* MJRefreshAutoGifFooter.h */ = {isa = PBXFileReference; fileEncoding = 4; lastKnownFileType = sourcecode.c.h; path = MJRefreshAutoGifFooter.h; sourceTree = "<group>"; };
		76CB1D16222B9D6D00043ADC /* MJRefreshAutoStateFooter.m */ = {isa = PBXFileReference; fileEncoding = 4; lastKnownFileType = sourcecode.c.objc; path = MJRefreshAutoStateFooter.m; sourceTree = "<group>"; };
		76CB1D17222B9D6D00043ADC /* MJRefreshAutoGifFooter.m */ = {isa = PBXFileReference; fileEncoding = 4; lastKnownFileType = sourcecode.c.objc; path = MJRefreshAutoGifFooter.m; sourceTree = "<group>"; };
		76CB1D18222B9D6D00043ADC /* MJRefreshAutoNormalFooter.m */ = {isa = PBXFileReference; fileEncoding = 4; lastKnownFileType = sourcecode.c.objc; path = MJRefreshAutoNormalFooter.m; sourceTree = "<group>"; };
		76CB1D1A222B9D6D00043ADC /* MJRefreshNormalHeader.m */ = {isa = PBXFileReference; fileEncoding = 4; lastKnownFileType = sourcecode.c.objc; path = MJRefreshNormalHeader.m; sourceTree = "<group>"; };
		76CB1D1B222B9D6D00043ADC /* MJRefreshStateHeader.h */ = {isa = PBXFileReference; fileEncoding = 4; lastKnownFileType = sourcecode.c.h; path = MJRefreshStateHeader.h; sourceTree = "<group>"; };
		76CB1D1C222B9D6D00043ADC /* MJRefreshGifHeader.h */ = {isa = PBXFileReference; fileEncoding = 4; lastKnownFileType = sourcecode.c.h; path = MJRefreshGifHeader.h; sourceTree = "<group>"; };
		76CB1D1D222B9D6D00043ADC /* MJRefreshNormalHeader.h */ = {isa = PBXFileReference; fileEncoding = 4; lastKnownFileType = sourcecode.c.h; path = MJRefreshNormalHeader.h; sourceTree = "<group>"; };
		76CB1D1E222B9D6D00043ADC /* MJRefreshStateHeader.m */ = {isa = PBXFileReference; fileEncoding = 4; lastKnownFileType = sourcecode.c.objc; path = MJRefreshStateHeader.m; sourceTree = "<group>"; };
		76CB1D1F222B9D6D00043ADC /* MJRefreshGifHeader.m */ = {isa = PBXFileReference; fileEncoding = 4; lastKnownFileType = sourcecode.c.objc; path = MJRefreshGifHeader.m; sourceTree = "<group>"; };
		76CB1D21222B9D6D00043ADC /* MJRefreshFooter.m */ = {isa = PBXFileReference; fileEncoding = 4; lastKnownFileType = sourcecode.c.objc; path = MJRefreshFooter.m; sourceTree = "<group>"; };
		76CB1D22222B9D6D00043ADC /* MJRefreshComponent.h */ = {isa = PBXFileReference; fileEncoding = 4; lastKnownFileType = sourcecode.c.h; path = MJRefreshComponent.h; sourceTree = "<group>"; };
		76CB1D23222B9D6D00043ADC /* MJRefreshHeader.m */ = {isa = PBXFileReference; fileEncoding = 4; lastKnownFileType = sourcecode.c.objc; path = MJRefreshHeader.m; sourceTree = "<group>"; };
		76CB1D24222B9D6D00043ADC /* MJRefreshAutoFooter.h */ = {isa = PBXFileReference; fileEncoding = 4; lastKnownFileType = sourcecode.c.h; path = MJRefreshAutoFooter.h; sourceTree = "<group>"; };
		76CB1D25222B9D6D00043ADC /* MJRefreshBackFooter.m */ = {isa = PBXFileReference; fileEncoding = 4; lastKnownFileType = sourcecode.c.objc; path = MJRefreshBackFooter.m; sourceTree = "<group>"; };
		76CB1D26222B9D6D00043ADC /* MJRefreshAutoFooter.m */ = {isa = PBXFileReference; fileEncoding = 4; lastKnownFileType = sourcecode.c.objc; path = MJRefreshAutoFooter.m; sourceTree = "<group>"; };
		76CB1D27222B9D6D00043ADC /* MJRefreshHeader.h */ = {isa = PBXFileReference; fileEncoding = 4; lastKnownFileType = sourcecode.c.h; path = MJRefreshHeader.h; sourceTree = "<group>"; };
		76CB1D28222B9D6D00043ADC /* MJRefreshComponent.m */ = {isa = PBXFileReference; fileEncoding = 4; lastKnownFileType = sourcecode.c.objc; path = MJRefreshComponent.m; sourceTree = "<group>"; };
		76CB1D29222B9D6D00043ADC /* MJRefreshFooter.h */ = {isa = PBXFileReference; fileEncoding = 4; lastKnownFileType = sourcecode.c.h; path = MJRefreshFooter.h; sourceTree = "<group>"; };
		76CB1D2A222B9D6D00043ADC /* MJRefreshBackFooter.h */ = {isa = PBXFileReference; fileEncoding = 4; lastKnownFileType = sourcecode.c.h; path = MJRefreshBackFooter.h; sourceTree = "<group>"; };
/* End PBXFileReference section */

/* Begin PBXFrameworksBuildPhase section */
		76CB1CDF222B9C9400043ADC /* Frameworks */ = {
			isa = PBXFrameworksBuildPhase;
			buildActionMask = 2147483647;
			files = (
			);
			runOnlyForDeploymentPostprocessing = 0;
		};
/* End PBXFrameworksBuildPhase section */

/* Begin PBXGroup section */
		76CB1CD9222B9C9400043ADC = {
			isa = PBXGroup;
			children = (
				76CB1CE4222B9C9400043ADC /* CoderLN-MJRefresh */,
				76CB1CE3222B9C9400043ADC /* Products */,
			);
			sourceTree = "<group>";
		};
		76CB1CE3222B9C9400043ADC /* Products */ = {
			isa = PBXGroup;
			children = (
				76CB1CE2222B9C9400043ADC /* CoderLN-MJRefresh.app */,
			);
			name = Products;
			sourceTree = "<group>";
		};
		76CB1CE4222B9C9400043ADC /* CoderLN-MJRefresh */ = {
			isa = PBXGroup;
			children = (
				76CB1CFB222B9D6D00043ADC /* CoderLN：MJRefresh-3.1.12 */,
				76CB1CE5222B9C9400043ADC /* AppDelegate.h */,
				76CB1CE6222B9C9400043ADC /* AppDelegate.m */,
				76CB1CE8222B9C9400043ADC /* ViewController.h */,
				76CB1CE9222B9C9400043ADC /* ViewController.m */,
				76CB1CEB222B9C9400043ADC /* Main.storyboard */,
				76CB1CEE222B9C9500043ADC /* Assets.xcassets */,
				76CB1CF0222B9C9500043ADC /* LaunchScreen.storyboard */,
				76CB1CF3222B9C9500043ADC /* Info.plist */,
				76CB1CF4222B9C9500043ADC /* main.m */,
			);
			path = "CoderLN-MJRefresh";
			sourceTree = "<group>";
		};
		76CB1CFB222B9D6D00043ADC /* CoderLN：MJRefresh-3.1.12 */ = {
			isa = PBXGroup;
			children = (
				761223E0222E6D3D00384A60 /* MJRefresh.h */,
				76CB1D05222B9D6D00043ADC /* .gitignore */,
				76CB1D20222B9D6D00043ADC /* Base */,
				76CB1D09222B9D6D00043ADC /* Custom */,
				76CB1D01222B9D6D00043ADC /* MJRefresh.bundle */,
				76CB1D04222B9D6D00043ADC /* MJRefreshConst.h */,
				76CB1CFD222B9D6D00043ADC /* MJRefreshConst.m */,
				76CB1D00222B9D6D00043ADC /* NSBundle+MJRefresh.h */,
				76CB1D07222B9D6D00043ADC /* NSBundle+MJRefresh.m */,
				76CB1CFE222B9D6D00043ADC /* UIScrollView+MJExtension.h */,
				76CB1D03222B9D6D00043ADC /* UIScrollView+MJExtension.m */,
				76CB1D06222B9D6D00043ADC /* UIScrollView+MJRefresh.h */,
				76CB1CFC222B9D6D00043ADC /* UIScrollView+MJRefresh.m */,
				76CB1D02222B9D6D00043ADC /* UIView+MJExtension.h */,
				76CB1D08222B9D6D00043ADC /* UIView+MJExtension.m */,
			);
			path = "CoderLN：MJRefresh-3.1.12";
			sourceTree = "<group>";
		};
		76CB1D09222B9D6D00043ADC /* Custom */ = {
			isa = PBXGroup;
			children = (
				76CB1D0A222B9D6D00043ADC /* Footer */,
				76CB1D19222B9D6D00043ADC /* Header */,
			);
			path = Custom;
			sourceTree = "<group>";
		};
		76CB1D0A222B9D6D00043ADC /* Footer */ = {
			isa = PBXGroup;
			children = (
				76CB1D0B222B9D6D00043ADC /* Back */,
				76CB1D12222B9D6D00043ADC /* Auto */,
			);
			path = Footer;
			sourceTree = "<group>";
		};
		76CB1D0B222B9D6D00043ADC /* Back */ = {
			isa = PBXGroup;
			children = (
				76CB1D0C222B9D6D00043ADC /* MJRefreshBackGifFooter.h */,
				76CB1D0D222B9D6D00043ADC /* MJRefreshBackStateFooter.h */,
				76CB1D0E222B9D6D00043ADC /* MJRefreshBackNormalFooter.h */,
				76CB1D0F222B9D6D00043ADC /* MJRefreshBackGifFooter.m */,
				76CB1D10222B9D6D00043ADC /* MJRefreshBackStateFooter.m */,
				76CB1D11222B9D6D00043ADC /* MJRefreshBackNormalFooter.m */,
			);
			path = Back;
			sourceTree = "<group>";
		};
		76CB1D12222B9D6D00043ADC /* Auto */ = {
			isa = PBXGroup;
			children = (
				76CB1D13222B9D6D00043ADC /* MJRefreshAutoStateFooter.h */,
				76CB1D14222B9D6D00043ADC /* MJRefreshAutoNormalFooter.h */,
				76CB1D15222B9D6D00043ADC /* MJRefreshAutoGifFooter.h */,
				76CB1D16222B9D6D00043ADC /* MJRefreshAutoStateFooter.m */,
				76CB1D17222B9D6D00043ADC /* MJRefreshAutoGifFooter.m */,
				76CB1D18222B9D6D00043ADC /* MJRefreshAutoNormalFooter.m */,
			);
			path = Auto;
			sourceTree = "<group>";
		};
		76CB1D19222B9D6D00043ADC /* Header */ = {
			isa = PBXGroup;
			children = (
				76CB1D1A222B9D6D00043ADC /* MJRefreshNormalHeader.m */,
				76CB1D1B222B9D6D00043ADC /* MJRefreshStateHeader.h */,
				76CB1D1C222B9D6D00043ADC /* MJRefreshGifHeader.h */,
				76CB1D1D222B9D6D00043ADC /* MJRefreshNormalHeader.h */,
				76CB1D1E222B9D6D00043ADC /* MJRefreshStateHeader.m */,
				76CB1D1F222B9D6D00043ADC /* MJRefreshGifHeader.m */,
			);
			path = Header;
			sourceTree = "<group>";
		};
		76CB1D20222B9D6D00043ADC /* Base */ = {
			isa = PBXGroup;
			children = (
				76CB1D21222B9D6D00043ADC /* MJRefreshFooter.m */,
				76CB1D22222B9D6D00043ADC /* MJRefreshComponent.h */,
				76CB1D23222B9D6D00043ADC /* MJRefreshHeader.m */,
				76CB1D24222B9D6D00043ADC /* MJRefreshAutoFooter.h */,
				76CB1D25222B9D6D00043ADC /* MJRefreshBackFooter.m */,
				76CB1D26222B9D6D00043ADC /* MJRefreshAutoFooter.m */,
				76CB1D27222B9D6D00043ADC /* MJRefreshHeader.h */,
				76CB1D28222B9D6D00043ADC /* MJRefreshComponent.m */,
				76CB1D29222B9D6D00043ADC /* MJRefreshFooter.h */,
				76CB1D2A222B9D6D00043ADC /* MJRefreshBackFooter.h */,
			);
			path = Base;
			sourceTree = "<group>";
		};
/* End PBXGroup section */

/* Begin PBXNativeTarget section */
		76CB1CE1222B9C9400043ADC /* CoderLN-MJRefresh */ = {
			isa = PBXNativeTarget;
			buildConfigurationList = 76CB1CF8222B9C9500043ADC /* Build configuration list for PBXNativeTarget "CoderLN-MJRefresh" */;
			buildPhases = (
				76CB1CDE222B9C9400043ADC /* Sources */,
				76CB1CDF222B9C9400043ADC /* Frameworks */,
				76CB1CE0222B9C9400043ADC /* Resources */,
			);
			buildRules = (
			);
			dependencies = (
			);
			name = "CoderLN-MJRefresh";
			productName = "CoderLN-MJRefresh";
			productReference = 76CB1CE2222B9C9400043ADC /* CoderLN-MJRefresh.app */;
			productType = "com.apple.product-type.application";
		};
/* End PBXNativeTarget section */

/* Begin PBXProject section */
		76CB1CDA222B9C9400043ADC /* Project object */ = {
			isa = PBXProject;
			attributes = {
				LastUpgradeCheck = 0940;
				ORGANIZATIONNAME = "不知名开发者";
				TargetAttributes = {
					76CB1CE1222B9C9400043ADC = {
						CreatedOnToolsVersion = 9.4;
					};
				};
			};
			buildConfigurationList = 76CB1CDD222B9C9400043ADC /* Build configuration list for PBXProject "CoderLN-MJRefresh" */;
			compatibilityVersion = "Xcode 9.3";
			developmentRegion = en;
			hasScannedForEncodings = 0;
			knownRegions = (
				en,
				Base,
			);
			mainGroup = 76CB1CD9222B9C9400043ADC;
			productRefGroup = 76CB1CE3222B9C9400043ADC /* Products */;
			projectDirPath = "";
			projectRoot = "";
			targets = (
				76CB1CE1222B9C9400043ADC /* CoderLN-MJRefresh */,
			);
		};
/* End PBXProject section */

/* Begin PBXResourcesBuildPhase section */
		76CB1CE0222B9C9400043ADC /* Resources */ = {
			isa = PBXResourcesBuildPhase;
			buildActionMask = 2147483647;
			files = (
				76CB1D2F222B9D6D00043ADC /* .gitignore in Resources */,
				76CB1CF2222B9C9500043ADC /* LaunchScreen.storyboard in Resources */,
				76CB1CEF222B9C9500043ADC /* Assets.xcassets in Resources */,
				76CB1D2D222B9D6D00043ADC /* MJRefresh.bundle in Resources */,
				76CB1CED222B9C9400043ADC /* Main.storyboard in Resources */,
			);
			runOnlyForDeploymentPostprocessing = 0;
		};
/* End PBXResourcesBuildPhase section */

/* Begin PBXSourcesBuildPhase section */
		76CB1CDE222B9C9400043ADC /* Sources */ = {
			isa = PBXSourcesBuildPhase;
			buildActionMask = 2147483647;
			files = (
				76CB1D3A222B9D6D00043ADC /* MJRefreshGifHeader.m in Sources */,
				76CB1D3E222B9D6D00043ADC /* MJRefreshAutoFooter.m in Sources */,
				76CB1D2E222B9D6D00043ADC /* UIScrollView+MJExtension.m in Sources */,
				76CB1D39222B9D6D00043ADC /* MJRefreshStateHeader.m in Sources */,
				76CB1D30222B9D6D00043ADC /* NSBundle+MJRefresh.m in Sources */,
				76CB1D2B222B9D6D00043ADC /* UIScrollView+MJRefresh.m in Sources */,
				76CB1D3F222B9D6D00043ADC /* MJRefreshComponent.m in Sources */,
				76CB1D3B222B9D6D00043ADC /* MJRefreshFooter.m in Sources */,
				76CB1D34222B9D6D00043ADC /* MJRefreshBackNormalFooter.m in Sources */,
				76CB1D36222B9D6D00043ADC /* MJRefreshAutoGifFooter.m in Sources */,
				76CB1D37222B9D6D00043ADC /* MJRefreshAutoNormalFooter.m in Sources */,
				76CB1D38222B9D6D00043ADC /* MJRefreshNormalHeader.m in Sources */,
				76CB1CEA222B9C9400043ADC /* ViewController.m in Sources */,
				76CB1D32222B9D6D00043ADC /* MJRefreshBackGifFooter.m in Sources */,
				76CB1CF5222B9C9500043ADC /* main.m in Sources */,
				76CB1D33222B9D6D00043ADC /* MJRefreshBackStateFooter.m in Sources */,
				76CB1D35222B9D6D00043ADC /* MJRefreshAutoStateFooter.m in Sources */,
				76CB1D3C222B9D6D00043ADC /* MJRefreshHeader.m in Sources */,
				76CB1CE7222B9C9400043ADC /* AppDelegate.m in Sources */,
				76CB1D2C222B9D6D00043ADC /* MJRefreshConst.m in Sources */,
				76CB1D3D222B9D6D00043ADC /* MJRefreshBackFooter.m in Sources */,
				76CB1D31222B9D6D00043ADC /* UIView+MJExtension.m in Sources */,
			);
			runOnlyForDeploymentPostprocessing = 0;
		};
/* End PBXSourcesBuildPhase section */

/* Begin PBXVariantGroup section */
		76CB1CEB222B9C9400043ADC /* Main.storyboard */ = {
			isa = PBXVariantGroup;
			children = (
				76CB1CEC222B9C9400043ADC /* Base */,
			);
			name = Main.storyboard;
			sourceTree = "<group>";
		};
		76CB1CF0222B9C9500043ADC /* LaunchScreen.storyboard */ = {
			isa = PBXVariantGroup;
			children = (
				76CB1CF1222B9C9500043ADC /* Base */,
			);
			name = LaunchScreen.storyboard;
			sourceTree = "<group>";
		};
/* End PBXVariantGroup section */

/* Begin XCBuildConfiguration section */
		76CB1CF6222B9C9500043ADC /* Debug */ = {
			isa = XCBuildConfiguration;
			buildSettings = {
				ALWAYS_SEARCH_USER_PATHS = NO;
				CLANG_ANALYZER_NONNULL = YES;
				CLANG_ANALYZER_NUMBER_OBJECT_CONVERSION = YES_AGGRESSIVE;
				CLANG_CXX_LANGUAGE_STANDARD = "gnu++14";
				CLANG_CXX_LIBRARY = "libc++";
				CLANG_ENABLE_MODULES = YES;
				CLANG_ENABLE_OBJC_ARC = YES;
				CLANG_ENABLE_OBJC_WEAK = YES;
				CLANG_WARN_BLOCK_CAPTURE_AUTORELEASING = YES;
				CLANG_WARN_BOOL_CONVERSION = YES;
				CLANG_WARN_COMMA = YES;
				CLANG_WARN_CONSTANT_CONVERSION = YES;
				CLANG_WARN_DEPRECATED_OBJC_IMPLEMENTATIONS = YES;
				CLANG_WARN_DIRECT_OBJC_ISA_USAGE = YES_ERROR;
				CLANG_WARN_DOCUMENTATION_COMMENTS = YES;
				CLANG_WARN_EMPTY_BODY = YES;
				CLANG_WARN_ENUM_CONVERSION = YES;
				CLANG_WARN_INFINITE_RECURSION = YES;
				CLANG_WARN_INT_CONVERSION = YES;
				CLANG_WARN_NON_LITERAL_NULL_CONVERSION = YES;
				CLANG_WARN_OBJC_IMPLICIT_RETAIN_SELF = YES;
				CLANG_WARN_OBJC_LITERAL_CONVERSION = YES;
				CLANG_WARN_OBJC_ROOT_CLASS = YES_ERROR;
				CLANG_WARN_RANGE_LOOP_ANALYSIS = YES;
				CLANG_WARN_STRICT_PROTOTYPES = YES;
				CLANG_WARN_SUSPICIOUS_MOVE = YES;
				CLANG_WARN_UNGUARDED_AVAILABILITY = YES_AGGRESSIVE;
				CLANG_WARN_UNREACHABLE_CODE = YES;
				CLANG_WARN__DUPLICATE_METHOD_MATCH = YES;
				CODE_SIGN_IDENTITY = "iPhone Developer";
				COPY_PHASE_STRIP = NO;
				DEBUG_INFORMATION_FORMAT = dwarf;
				ENABLE_STRICT_OBJC_MSGSEND = YES;
				ENABLE_TESTABILITY = YES;
				GCC_C_LANGUAGE_STANDARD = gnu11;
				GCC_DYNAMIC_NO_PIC = NO;
				GCC_NO_COMMON_BLOCKS = YES;
				GCC_OPTIMIZATION_LEVEL = 0;
				GCC_PREPROCESSOR_DEFINITIONS = (
					"DEBUG=1",
					"$(inherited)",
				);
				GCC_WARN_64_TO_32_BIT_CONVERSION = YES;
				GCC_WARN_ABOUT_RETURN_TYPE = YES_ERROR;
				GCC_WARN_UNDECLARED_SELECTOR = YES;
				GCC_WARN_UNINITIALIZED_AUTOS = YES_AGGRESSIVE;
				GCC_WARN_UNUSED_FUNCTION = YES;
				GCC_WARN_UNUSED_VARIABLE = YES;
				IPHONEOS_DEPLOYMENT_TARGET = 11.4;
				MTL_ENABLE_DEBUG_INFO = YES;
				ONLY_ACTIVE_ARCH = YES;
				SDKROOT = iphoneos;
			};
			name = Debug;
		};
		76CB1CF7222B9C9500043ADC /* Release */ = {
			isa = XCBuildConfiguration;
			buildSettings = {
				ALWAYS_SEARCH_USER_PATHS = NO;
				CLANG_ANALYZER_NONNULL = YES;
				CLANG_ANALYZER_NUMBER_OBJECT_CONVERSION = YES_AGGRESSIVE;
				CLANG_CXX_LANGUAGE_STANDARD = "gnu++14";
				CLANG_CXX_LIBRARY = "libc++";
				CLANG_ENABLE_MODULES = YES;
				CLANG_ENABLE_OBJC_ARC = YES;
				CLANG_ENABLE_OBJC_WEAK = YES;
				CLANG_WARN_BLOCK_CAPTURE_AUTORELEASING = YES;
				CLANG_WARN_BOOL_CONVERSION = YES;
				CLANG_WARN_COMMA = YES;
				CLANG_WARN_CONSTANT_CONVERSION = YES;
				CLANG_WARN_DEPRECATED_OBJC_IMPLEMENTATIONS = YES;
				CLANG_WARN_DIRECT_OBJC_ISA_USAGE = YES_ERROR;
				CLANG_WARN_DOCUMENTATION_COMMENTS = YES;
				CLANG_WARN_EMPTY_BODY = YES;
				CLANG_WARN_ENUM_CONVERSION = YES;
				CLANG_WARN_INFINITE_RECURSION = YES;
				CLANG_WARN_INT_CONVERSION = YES;
				CLANG_WARN_NON_LITERAL_NULL_CONVERSION = YES;
				CLANG_WARN_OBJC_IMPLICIT_RETAIN_SELF = YES;
				CLANG_WARN_OBJC_LITERAL_CONVERSION = YES;
				CLANG_WARN_OBJC_ROOT_CLASS = YES_ERROR;
				CLANG_WARN_RANGE_LOOP_ANALYSIS = YES;
				CLANG_WARN_STRICT_PROTOTYPES = YES;
				CLANG_WARN_SUSPICIOUS_MOVE = YES;
				CLANG_WARN_UNGUARDED_AVAILABILITY = YES_AGGRESSIVE;
				CLANG_WARN_UNREACHABLE_CODE = YES;
				CLANG_WARN__DUPLICATE_METHOD_MATCH = YES;
				CODE_SIGN_IDENTITY = "iPhone Developer";
				COPY_PHASE_STRIP = NO;
				DEBUG_INFORMATION_FORMAT = "dwarf-with-dsym";
				ENABLE_NS_ASSERTIONS = NO;
				ENABLE_STRICT_OBJC_MSGSEND = YES;
				GCC_C_LANGUAGE_STANDARD = gnu11;
				GCC_NO_COMMON_BLOCKS = YES;
				GCC_WARN_64_TO_32_BIT_CONVERSION = YES;
				GCC_WARN_ABOUT_RETURN_TYPE = YES_ERROR;
				GCC_WARN_UNDECLARED_SELECTOR = YES;
				GCC_WARN_UNINITIALIZED_AUTOS = YES_AGGRESSIVE;
				GCC_WARN_UNUSED_FUNCTION = YES;
				GCC_WARN_UNUSED_VARIABLE = YES;
				IPHONEOS_DEPLOYMENT_TARGET = 11.4;
				MTL_ENABLE_DEBUG_INFO = NO;
				SDKROOT = iphoneos;
				VALIDATE_PRODUCT = YES;
			};
			name = Release;
		};
		76CB1CF9222B9C9500043ADC /* Debug */ = {
			isa = XCBuildConfiguration;
			buildSettings = {
				ASSETCATALOG_COMPILER_APPICON_NAME = AppIcon;
				CODE_SIGN_STYLE = Automatic;
				INFOPLIST_FILE = "CoderLN-MJRefresh/Info.plist";
				LD_RUNPATH_SEARCH_PATHS = (
					"$(inherited)",
					"@executable_path/Frameworks",
				);
				PRODUCT_BUNDLE_IDENTIFIER = "CoderLN.CoderLN-MJRefresh";
				PRODUCT_NAME = "$(TARGET_NAME)";
				TARGETED_DEVICE_FAMILY = "1,2";
			};
			name = Debug;
		};
		76CB1CFA222B9C9500043ADC /* Release */ = {
			isa = XCBuildConfiguration;
			buildSettings = {
				ASSETCATALOG_COMPILER_APPICON_NAME = AppIcon;
				CODE_SIGN_STYLE = Automatic;
				INFOPLIST_FILE = "CoderLN-MJRefresh/Info.plist";
				LD_RUNPATH_SEARCH_PATHS = (
					"$(inherited)",
					"@executable_path/Frameworks",
				);
				PRODUCT_BUNDLE_IDENTIFIER = "CoderLN.CoderLN-MJRefresh";
				PRODUCT_NAME = "$(TARGET_NAME)";
				TARGETED_DEVICE_FAMILY = "1,2";
			};
			name = Release;
		};
/* End XCBuildConfiguration section */

/* Begin XCConfigurationList section */
		76CB1CDD222B9C9400043ADC /* Build configuration list for PBXProject "CoderLN-MJRefresh" */ = {
			isa = XCConfigurationList;
			buildConfigurations = (
				76CB1CF6222B9C9500043ADC /* Debug */,
				76CB1CF7222B9C9500043ADC /* Release */,
			);
			defaultConfigurationIsVisible = 0;
			defaultConfigurationName = Release;
		};
		76CB1CF8222B9C9500043ADC /* Build configuration list for PBXNativeTarget "CoderLN-MJRefresh" */ = {
			isa = XCConfigurationList;
			buildConfigurations = (
				76CB1CF9222B9C9500043ADC /* Debug */,
				76CB1CFA222B9C9500043ADC /* Release */,
			);
			defaultConfigurationIsVisible = 0;
			defaultConfigurationName = Release;
		};
/* End XCConfigurationList section */
	};
	rootObject = 76CB1CDA222B9C9400043ADC /* Project object */;
}
